// !$*UTF8*$!
{
	archiveVersion = 1;
	classes = {
	};
	objectVersion = 56;
	objects = {

/* Begin PBXBuildFile section */
		1C223B602C87040100032854 /* Utility.swift in Sources */ = {isa = PBXBuildFile; fileRef = 1C223B5F2C87040100032854 /* Utility.swift */; };
		1C223B632C8709DA00032854 /* MemeAPIServiceProtocol.swift in Sources */ = {isa = PBXBuildFile; fileRef = 1C223B622C8709DA00032854 /* MemeAPIServiceProtocol.swift */; };
		1C223B662C870C1C00032854 /* APIConfig.plist in Resources */ = {isa = PBXBuildFile; fileRef = 1C223B652C870C1C00032854 /* APIConfig.plist */; };
		1C223B692C870FA400032854 /* RxBlocking in Frameworks */ = {isa = PBXBuildFile; productRef = 1C223B682C870FA400032854 /* RxBlocking */; };
		1C248C672C81D0090015A7F1 /* WebAPI.framework in Frameworks */ = {isa = PBXBuildFile; fileRef = 1C248C5E2C81D0090015A7F1 /* WebAPI.framework */; };
		1C248C6C2C81D0090015A7F1 /* MemeAPITests.swift in Sources */ = {isa = PBXBuildFile; fileRef = 1C248C6B2C81D0090015A7F1 /* MemeAPITests.swift */; };
		1C248C6D2C81D0090015A7F1 /* WebAPI.h in Headers */ = {isa = PBXBuildFile; fileRef = 1C248C612C81D0090015A7F1 /* WebAPI.h */; settings = {ATTRIBUTES = (Public, ); }; };
		1CC9DC9C2C81D76500A1EEC6 /* MemeAPI.swift in Sources */ = {isa = PBXBuildFile; fileRef = 1CC9DC952C81D76500A1EEC6 /* MemeAPI.swift */; };
		1CC9DC9D2C81D76500A1EEC6 /* MemeAPIService.swift in Sources */ = {isa = PBXBuildFile; fileRef = 1CC9DC962C81D76500A1EEC6 /* MemeAPIService.swift */; };
		1CC9DC9E2C81D76500A1EEC6 /* MemeTargetType.swift in Sources */ = {isa = PBXBuildFile; fileRef = 1CC9DC982C81D76500A1EEC6 /* MemeTargetType.swift */; };
		1CC9DCA02C81D76500A1EEC6 /* MoyaProviderExtension.swift in Sources */ = {isa = PBXBuildFile; fileRef = 1CC9DC9A2C81D76500A1EEC6 /* MoyaProviderExtension.swift */; };
		1CC9DCA22C81D7BF00A1EEC6 /* JSONDecoderExtension.swift in Sources */ = {isa = PBXBuildFile; fileRef = 1CC9DCA12C81D7BF00A1EEC6 /* JSONDecoderExtension.swift */; };
		1CC9DCC22C82F71300A1EEC6 /* memes_random.json in Resources */ = {isa = PBXBuildFile; fileRef = 1CC9DCC12C82F71300A1EEC6 /* memes_random.json */; };
		1CD9F5232C85B6A6009DDABD /* ErrorHandlingPlugin.swift in Sources */ = {isa = PBXBuildFile; fileRef = 1CD9F5222C85B6A6009DDABD /* ErrorHandlingPlugin.swift */; };
		1CD9F5252C85B9F8009DDABD /* APIErrorHandleManager.swift in Sources */ = {isa = PBXBuildFile; fileRef = 1CD9F5242C85B9F8009DDABD /* APIErrorHandleManager.swift */; };
		1CD9F5272C85BFC0009DDABD /* RxMoya in Frameworks */ = {isa = PBXBuildFile; productRef = 1CD9F5262C85BFC0009DDABD /* RxMoya */; };
		1CE608EE2C85CB40004844B7 /* MemeData.framework in Frameworks */ = {isa = PBXBuildFile; fileRef = 1CE608ED2C85CB40004844B7 /* MemeData.framework */; };
		1CE608EF2C85CB40004844B7 /* MemeData.framework in Embed Frameworks */ = {isa = PBXBuildFile; fileRef = 1CE608ED2C85CB40004844B7 /* MemeData.framework */; settings = {ATTRIBUTES = (CodeSignOnCopy, RemoveHeadersOnCopy, ); }; };
/* End PBXBuildFile section */

/* Begin PBXContainerItemProxy section */
		1C248C682C81D0090015A7F1 /* PBXContainerItemProxy */ = {
			isa = PBXContainerItemProxy;
			containerPortal = 1C248C552C81D0090015A7F1 /* Project object */;
			proxyType = 1;
			remoteGlobalIDString = 1C248C5D2C81D0090015A7F1;
			remoteInfo = WebAPI;
		};
/* End PBXContainerItemProxy section */

/* Begin PBXCopyFilesBuildPhase section */
		1CE608F02C85CB40004844B7 /* Embed Frameworks */ = {
			isa = PBXCopyFilesBuildPhase;
			buildActionMask = 2147483647;
			dstPath = "";
			dstSubfolderSpec = 10;
			files = (
				1CE608EF2C85CB40004844B7 /* MemeData.framework in Embed Frameworks */,
			);
			name = "Embed Frameworks";
			runOnlyForDeploymentPostprocessing = 0;
		};
/* End PBXCopyFilesBuildPhase section */

/* Begin PBXFileReference section */
		1C223B5F2C87040100032854 /* Utility.swift */ = {isa = PBXFileReference; lastKnownFileType = sourcecode.swift; path = Utility.swift; sourceTree = "<group>"; };
		1C223B622C8709DA00032854 /* MemeAPIServiceProtocol.swift */ = {isa = PBXFileReference; lastKnownFileType = sourcecode.swift; path = MemeAPIServiceProtocol.swift; sourceTree = "<group>"; };
		1C223B652C870C1C00032854 /* APIConfig.plist */ = {isa = PBXFileReference; lastKnownFileType = text.plist.xml; path = APIConfig.plist; sourceTree = "<group>"; };
		1C248C5E2C81D0090015A7F1 /* WebAPI.framework */ = {isa = PBXFileReference; explicitFileType = wrapper.framework; includeInIndex = 0; path = WebAPI.framework; sourceTree = BUILT_PRODUCTS_DIR; };
		1C248C612C81D0090015A7F1 /* WebAPI.h */ = {isa = PBXFileReference; lastKnownFileType = sourcecode.c.h; path = WebAPI.h; sourceTree = "<group>"; };
		1C248C662C81D0090015A7F1 /* WebAPITests.xctest */ = {isa = PBXFileReference; explicitFileType = wrapper.cfbundle; includeInIndex = 0; path = WebAPITests.xctest; sourceTree = BUILT_PRODUCTS_DIR; };
		1C248C6B2C81D0090015A7F1 /* MemeAPITests.swift */ = {isa = PBXFileReference; lastKnownFileType = sourcecode.swift; path = MemeAPITests.swift; sourceTree = "<group>"; };
		1CC9DC952C81D76500A1EEC6 /* MemeAPI.swift */ = {isa = PBXFileReference; fileEncoding = 4; lastKnownFileType = sourcecode.swift; path = MemeAPI.swift; sourceTree = "<group>"; };
		1CC9DC962C81D76500A1EEC6 /* MemeAPIService.swift */ = {isa = PBXFileReference; fileEncoding = 4; lastKnownFileType = sourcecode.swift; path = MemeAPIService.swift; sourceTree = "<group>"; };
		1CC9DC982C81D76500A1EEC6 /* MemeTargetType.swift */ = {isa = PBXFileReference; fileEncoding = 4; lastKnownFileType = sourcecode.swift; path = MemeTargetType.swift; sourceTree = "<group>"; };
		1CC9DC9A2C81D76500A1EEC6 /* MoyaProviderExtension.swift */ = {isa = PBXFileReference; fileEncoding = 4; lastKnownFileType = sourcecode.swift; path = MoyaProviderExtension.swift; sourceTree = "<group>"; };
		1CC9DCA12C81D7BF00A1EEC6 /* JSONDecoderExtension.swift */ = {isa = PBXFileReference; fileEncoding = 4; lastKnownFileType = sourcecode.swift; path = JSONDecoderExtension.swift; sourceTree = "<group>"; };
		1CC9DCC12C82F71300A1EEC6 /* memes_random.json */ = {isa = PBXFileReference; lastKnownFileType = text.json; path = memes_random.json; sourceTree = "<group>"; };
		1CC9DCC32C82FA1200A1EEC6 /* MemeModel.framework */ = {isa = PBXFileReference; explicitFileType = wrapper.framework; path = MemeModel.framework; sourceTree = BUILT_PRODUCTS_DIR; };
		1CD9F5222C85B6A6009DDABD /* ErrorHandlingPlugin.swift */ = {isa = PBXFileReference; lastKnownFileType = sourcecode.swift; path = ErrorHandlingPlugin.swift; sourceTree = "<group>"; };
		1CD9F5242C85B9F8009DDABD /* APIErrorHandleManager.swift */ = {isa = PBXFileReference; lastKnownFileType = sourcecode.swift; path = APIErrorHandleManager.swift; sourceTree = "<group>"; };
		1CE608ED2C85CB40004844B7 /* MemeData.framework */ = {isa = PBXFileReference; explicitFileType = wrapper.framework; path = MemeData.framework; sourceTree = BUILT_PRODUCTS_DIR; };
/* End PBXFileReference section */

/* Begin PBXFrameworksBuildPhase section */
		1C248C5B2C81D0090015A7F1 /* Frameworks */ = {
			isa = PBXFrameworksBuildPhase;
			buildActionMask = 2147483647;
			files = (
				1CE608EE2C85CB40004844B7 /* MemeData.framework in Frameworks */,
				1CD9F5272C85BFC0009DDABD /* RxMoya in Frameworks */,
			);
			runOnlyForDeploymentPostprocessing = 0;
		};
		1C248C632C81D0090015A7F1 /* Frameworks */ = {
			isa = PBXFrameworksBuildPhase;
			buildActionMask = 2147483647;
			files = (
				1C248C672C81D0090015A7F1 /* WebAPI.framework in Frameworks */,
				1C223B692C870FA400032854 /* RxBlocking in Frameworks */,
			);
			runOnlyForDeploymentPostprocessing = 0;
		};
/* End PBXFrameworksBuildPhase section */

/* Begin PBXGroup section */
		1C223B5E2C8703EC00032854 /* General */ = {
			isa = PBXGroup;
			children = (
				1C223B5F2C87040100032854 /* Utility.swift */,
			);
			path = General;
			sourceTree = "<group>";
		};
		1C223B612C8709B900032854 /* APIServiceProtocol */ = {
			isa = PBXGroup;
			children = (
				1C223B622C8709DA00032854 /* MemeAPIServiceProtocol.swift */,
			);
			path = APIServiceProtocol;
			sourceTree = "<group>";
		};
		1C223B642C870A3800032854 /* APIService */ = {
			isa = PBXGroup;
			children = (
				1CC9DC972C81D76500A1EEC6 /* Meme */,
			);
			path = APIService;
			sourceTree = "<group>";
		};
		1C248C542C81D0090015A7F1 = {
			isa = PBXGroup;
			children = (
				1C248C602C81D0090015A7F1 /* WebAPI */,
				1C248C6A2C81D0090015A7F1 /* WebAPITests */,
				1C248C5F2C81D0090015A7F1 /* Products */,
				7BA7CC562369007BA5326457 /* Frameworks */,
			);
			sourceTree = "<group>";
		};
		1C248C5F2C81D0090015A7F1 /* Products */ = {
			isa = PBXGroup;
			children = (
				1C248C5E2C81D0090015A7F1 /* WebAPI.framework */,
				1C248C662C81D0090015A7F1 /* WebAPITests.xctest */,
			);
			name = Products;
			sourceTree = "<group>";
		};
		1C248C602C81D0090015A7F1 /* WebAPI */ = {
			isa = PBXGroup;
			children = (
				1C223B642C870A3800032854 /* APIService */,
				1C223B612C8709B900032854 /* APIServiceProtocol */,
				1C223B5E2C8703EC00032854 /* General */,
				1CC9DC9B2C81D76500A1EEC6 /* Base */,
				1C248C612C81D0090015A7F1 /* WebAPI.h */,
			);
			path = WebAPI;
			sourceTree = "<group>";
		};
		1C248C6A2C81D0090015A7F1 /* WebAPITests */ = {
			isa = PBXGroup;
			children = (
				1C248C6B2C81D0090015A7F1 /* MemeAPITests.swift */,
			);
			path = WebAPITests;
			sourceTree = "<group>";
		};
		1CC9DC972C81D76500A1EEC6 /* Meme */ = {
			isa = PBXGroup;
			children = (
				1CC9DCC02C82F6A300A1EEC6 /* SampleData */,
				1CC9DC952C81D76500A1EEC6 /* MemeAPI.swift */,
				1CC9DC962C81D76500A1EEC6 /* MemeAPIService.swift */,
			);
			path = Meme;
			sourceTree = "<group>";
		};
		1CC9DC9B2C81D76500A1EEC6 /* Base */ = {
			isa = PBXGroup;
			children = (
				1CC9DC982C81D76500A1EEC6 /* MemeTargetType.swift */,
				1CC9DC9A2C81D76500A1EEC6 /* MoyaProviderExtension.swift */,
				1CC9DCA12C81D7BF00A1EEC6 /* JSONDecoderExtension.swift */,
				1CD9F5222C85B6A6009DDABD /* ErrorHandlingPlugin.swift */,
				1CD9F5242C85B9F8009DDABD /* APIErrorHandleManager.swift */,
				1C223B652C870C1C00032854 /* APIConfig.plist */,
			);
			path = Base;
			sourceTree = "<group>";
		};
		1CC9DCC02C82F6A300A1EEC6 /* SampleData */ = {
			isa = PBXGroup;
			children = (
				1CC9DCC12C82F71300A1EEC6 /* memes_random.json */,
			);
			path = SampleData;
			sourceTree = "<group>";
		};
		7BA7CC562369007BA5326457 /* Frameworks */ = {
			isa = PBXGroup;
			children = (
				1CE608ED2C85CB40004844B7 /* MemeData.framework */,
				1CC9DCC32C82FA1200A1EEC6 /* MemeModel.framework */,
			);
			name = Frameworks;
			sourceTree = "<group>";
		};
/* End PBXGroup section */

/* Begin PBXHeadersBuildPhase section */
		1C248C592C81D0090015A7F1 /* Headers */ = {
			isa = PBXHeadersBuildPhase;
			buildActionMask = 2147483647;
			files = (
				1C248C6D2C81D0090015A7F1 /* WebAPI.h in Headers */,
			);
			runOnlyForDeploymentPostprocessing = 0;
		};
/* End PBXHeadersBuildPhase section */

/* Begin PBXNativeTarget section */
		1C248C5D2C81D0090015A7F1 /* WebAPI */ = {
			isa = PBXNativeTarget;
			buildConfigurationList = 1C248C702C81D0090015A7F1 /* Build configuration list for PBXNativeTarget "WebAPI" */;
			buildPhases = (
				1C248C592C81D0090015A7F1 /* Headers */,
				1C248C5A2C81D0090015A7F1 /* Sources */,
				1C248C5B2C81D0090015A7F1 /* Frameworks */,
				1C248C5C2C81D0090015A7F1 /* Resources */,
				1CE608F02C85CB40004844B7 /* Embed Frameworks */,
			);
			buildRules = (
			);
			dependencies = (
			);
			name = WebAPI;
			packageProductDependencies = (
				1CD9F5262C85BFC0009DDABD /* RxMoya */,
			);
			productName = WebAPI;
			productReference = 1C248C5E2C81D0090015A7F1 /* WebAPI.framework */;
			productType = "com.apple.product-type.framework";
		};
		1C248C652C81D0090015A7F1 /* WebAPITests */ = {
			isa = PBXNativeTarget;
			buildConfigurationList = 1C248C732C81D0090015A7F1 /* Build configuration list for PBXNativeTarget "WebAPITests" */;
			buildPhases = (
				1C248C622C81D0090015A7F1 /* Sources */,
				1C248C632C81D0090015A7F1 /* Frameworks */,
				1C248C642C81D0090015A7F1 /* Resources */,
			);
			buildRules = (
			);
			dependencies = (
				1C248C692C81D0090015A7F1 /* PBXTargetDependency */,
			);
			name = WebAPITests;
			packageProductDependencies = (
				1C223B682C870FA400032854 /* RxBlocking */,
			);
			productName = WebAPITests;
			productReference = 1C248C662C81D0090015A7F1 /* WebAPITests.xctest */;
			productType = "com.apple.product-type.bundle.unit-test";
		};
/* End PBXNativeTarget section */

/* Begin PBXProject section */
		1C248C552C81D0090015A7F1 /* Project object */ = {
			isa = PBXProject;
			attributes = {
				BuildIndependentTargetsInParallel = 1;
				LastSwiftUpdateCheck = 1540;
				LastUpgradeCheck = 1540;
				TargetAttributes = {
					1C248C5D2C81D0090015A7F1 = {
						CreatedOnToolsVersion = 15.4;
						LastSwiftMigration = 1540;
					};
					1C248C652C81D0090015A7F1 = {
						CreatedOnToolsVersion = 15.4;
					};
				};
			};
			buildConfigurationList = 1C248C582C81D0090015A7F1 /* Build configuration list for PBXProject "WebAPI" */;
			compatibilityVersion = "Xcode 14.0";
			developmentRegion = en;
			hasScannedForEncodings = 0;
			knownRegions = (
				en,
				Base,
			);
			mainGroup = 1C248C542C81D0090015A7F1;
			packageReferences = (
				1CD9F5182C83174F009DDABD /* XCRemoteSwiftPackageReference "Moya" */,
				1C223B672C870FA400032854 /* XCRemoteSwiftPackageReference "RxSwift" */,
			);
			productRefGroup = 1C248C5F2C81D0090015A7F1 /* Products */;
			projectDirPath = "";
			projectRoot = "";
			targets = (
				1C248C5D2C81D0090015A7F1 /* WebAPI */,
				1C248C652C81D0090015A7F1 /* WebAPITests */,
			);
		};
/* End PBXProject section */

/* Begin PBXResourcesBuildPhase section */
		1C248C5C2C81D0090015A7F1 /* Resources */ = {
			isa = PBXResourcesBuildPhase;
			buildActionMask = 2147483647;
			files = (
				1CC9DCC22C82F71300A1EEC6 /* memes_random.json in Resources */,
				1C223B662C870C1C00032854 /* APIConfig.plist in Resources */,
			);
			runOnlyForDeploymentPostprocessing = 0;
		};
		1C248C642C81D0090015A7F1 /* Resources */ = {
			isa = PBXResourcesBuildPhase;
			buildActionMask = 2147483647;
			files = (
			);
			runOnlyForDeploymentPostprocessing = 0;
		};
/* End PBXResourcesBuildPhase section */

/* Begin PBXSourcesBuildPhase section */
		1C248C5A2C81D0090015A7F1 /* Sources */ = {
			isa = PBXSourcesBuildPhase;
			buildActionMask = 2147483647;
			files = (
				1CC9DC9C2C81D76500A1EEC6 /* MemeAPI.swift in Sources */,
				1CD9F5252C85B9F8009DDABD /* APIErrorHandleManager.swift in Sources */,
				1CD9F5232C85B6A6009DDABD /* ErrorHandlingPlugin.swift in Sources */,
				1CC9DC9D2C81D76500A1EEC6 /* MemeAPIService.swift in Sources */,
				1C223B602C87040100032854 /* Utility.swift in Sources */,
				1C223B632C8709DA00032854 /* MemeAPIServiceProtocol.swift in Sources */,
				1CC9DCA22C81D7BF00A1EEC6 /* JSONDecoderExtension.swift in Sources */,
				1CC9DCA02C81D76500A1EEC6 /* MoyaProviderExtension.swift in Sources */,
				1CC9DC9E2C81D76500A1EEC6 /* MemeTargetType.swift in Sources */,
			);
			runOnlyForDeploymentPostprocessing = 0;
		};
		1C248C622C81D0090015A7F1 /* Sources */ = {
			isa = PBXSourcesBuildPhase;
			buildActionMask = 2147483647;
			files = (
				1C248C6C2C81D0090015A7F1 /* MemeAPITests.swift in Sources */,
			);
			runOnlyForDeploymentPostprocessing = 0;
		};
/* End PBXSourcesBuildPhase section */

/* Begin PBXTargetDependency section */
		1C248C692C81D0090015A7F1 /* PBXTargetDependency */ = {
			isa = PBXTargetDependency;
			target = 1C248C5D2C81D0090015A7F1 /* WebAPI */;
			targetProxy = 1C248C682C81D0090015A7F1 /* PBXContainerItemProxy */;
		};
/* End PBXTargetDependency section */

/* Begin XCBuildConfiguration section */
		1C248C6E2C81D0090015A7F1 /* Debug */ = {
			isa = XCBuildConfiguration;
			buildSettings = {
				ALWAYS_SEARCH_USER_PATHS = NO;
				ASSETCATALOG_COMPILER_GENERATE_SWIFT_ASSET_SYMBOL_EXTENSIONS = YES;
				CLANG_ANALYZER_NONNULL = YES;
				CLANG_ANALYZER_NUMBER_OBJECT_CONVERSION = YES_AGGRESSIVE;
				CLANG_CXX_LANGUAGE_STANDARD = "gnu++20";
				CLANG_ENABLE_MODULES = YES;
				CLANG_ENABLE_OBJC_ARC = YES;
				CLANG_ENABLE_OBJC_WEAK = YES;
				CLANG_WARN_BLOCK_CAPTURE_AUTORELEASING = YES;
				CLANG_WARN_BOOL_CONVERSION = YES;
				CLANG_WARN_COMMA = YES;
				CLANG_WARN_CONSTANT_CONVERSION = YES;
				CLANG_WARN_DEPRECATED_OBJC_IMPLEMENTATIONS = YES;
				CLANG_WARN_DIRECT_OBJC_ISA_USAGE = YES_ERROR;
				CLANG_WARN_DOCUMENTATION_COMMENTS = YES;
				CLANG_WARN_EMPTY_BODY = YES;
				CLANG_WARN_ENUM_CONVERSION = YES;
				CLANG_WARN_INFINITE_RECURSION = YES;
				CLANG_WARN_INT_CONVERSION = YES;
				CLANG_WARN_NON_LITERAL_NULL_CONVERSION = YES;
				CLANG_WARN_OBJC_IMPLICIT_RETAIN_SELF = YES;
				CLANG_WARN_OBJC_LITERAL_CONVERSION = YES;
				CLANG_WARN_OBJC_ROOT_CLASS = YES_ERROR;
				CLANG_WARN_QUOTED_INCLUDE_IN_FRAMEWORK_HEADER = YES;
				CLANG_WARN_RANGE_LOOP_ANALYSIS = YES;
				CLANG_WARN_STRICT_PROTOTYPES = YES;
				CLANG_WARN_SUSPICIOUS_MOVE = YES;
				CLANG_WARN_UNGUARDED_AVAILABILITY = YES_AGGRESSIVE;
				CLANG_WARN_UNREACHABLE_CODE = YES;
				CLANG_WARN__DUPLICATE_METHOD_MATCH = YES;
				COPY_PHASE_STRIP = NO;
				CURRENT_PROJECT_VERSION = 1;
				DEBUG_INFORMATION_FORMAT = dwarf;
				ENABLE_STRICT_OBJC_MSGSEND = YES;
				ENABLE_TESTABILITY = YES;
				ENABLE_USER_SCRIPT_SANDBOXING = YES;
				GCC_C_LANGUAGE_STANDARD = gnu17;
				GCC_DYNAMIC_NO_PIC = NO;
				GCC_NO_COMMON_BLOCKS = YES;
				GCC_OPTIMIZATION_LEVEL = 0;
				GCC_PREPROCESSOR_DEFINITIONS = (
					"DEBUG=1",
					"$(inherited)",
				);
				GCC_WARN_64_TO_32_BIT_CONVERSION = YES;
				GCC_WARN_ABOUT_RETURN_TYPE = YES_ERROR;
				GCC_WARN_UNDECLARED_SELECTOR = YES;
				GCC_WARN_UNINITIALIZED_AUTOS = YES_AGGRESSIVE;
				GCC_WARN_UNUSED_FUNCTION = YES;
				GCC_WARN_UNUSED_VARIABLE = YES;
				IPHONEOS_DEPLOYMENT_TARGET = 15.0;
				LOCALIZATION_PREFERS_STRING_CATALOGS = YES;
				MTL_ENABLE_DEBUG_INFO = INCLUDE_SOURCE;
				MTL_FAST_MATH = YES;
				ONLY_ACTIVE_ARCH = YES;
				SDKROOT = iphoneos;
				SWIFT_ACTIVE_COMPILATION_CONDITIONS = "DEBUG $(inherited)";
				SWIFT_OPTIMIZATION_LEVEL = "-Onone";
				VERSIONING_SYSTEM = "apple-generic";
				VERSION_INFO_PREFIX = "";
			};
			name = Debug;
		};
		1C248C6F2C81D0090015A7F1 /* Release */ = {
			isa = XCBuildConfiguration;
			buildSettings = {
				ALWAYS_SEARCH_USER_PATHS = NO;
				ASSETCATALOG_COMPILER_GENERATE_SWIFT_ASSET_SYMBOL_EXTENSIONS = YES;
				CLANG_ANALYZER_NONNULL = YES;
				CLANG_ANALYZER_NUMBER_OBJECT_CONVERSION = YES_AGGRESSIVE;
				CLANG_CXX_LANGUAGE_STANDARD = "gnu++20";
				CLANG_ENABLE_MODULES = YES;
				CLANG_ENABLE_OBJC_ARC = YES;
				CLANG_ENABLE_OBJC_WEAK = YES;
				CLANG_WARN_BLOCK_CAPTURE_AUTORELEASING = YES;
				CLANG_WARN_BOOL_CONVERSION = YES;
				CLANG_WARN_COMMA = YES;
				CLANG_WARN_CONSTANT_CONVERSION = YES;
				CLANG_WARN_DEPRECATED_OBJC_IMPLEMENTATIONS = YES;
				CLANG_WARN_DIRECT_OBJC_ISA_USAGE = YES_ERROR;
				CLANG_WARN_DOCUMENTATION_COMMENTS = YES;
				CLANG_WARN_EMPTY_BODY = YES;
				CLANG_WARN_ENUM_CONVERSION = YES;
				CLANG_WARN_INFINITE_RECURSION = YES;
				CLANG_WARN_INT_CONVERSION = YES;
				CLANG_WARN_NON_LITERAL_NULL_CONVERSION = YES;
				CLANG_WARN_OBJC_IMPLICIT_RETAIN_SELF = YES;
				CLANG_WARN_OBJC_LITERAL_CONVERSION = YES;
				CLANG_WARN_OBJC_ROOT_CLASS = YES_ERROR;
				CLANG_WARN_QUOTED_INCLUDE_IN_FRAMEWORK_HEADER = YES;
				CLANG_WARN_RANGE_LOOP_ANALYSIS = YES;
				CLANG_WARN_STRICT_PROTOTYPES = YES;
				CLANG_WARN_SUSPICIOUS_MOVE = YES;
				CLANG_WARN_UNGUARDED_AVAILABILITY = YES_AGGRESSIVE;
				CLANG_WARN_UNREACHABLE_CODE = YES;
				CLANG_WARN__DUPLICATE_METHOD_MATCH = YES;
				COPY_PHASE_STRIP = NO;
				CURRENT_PROJECT_VERSION = 1;
				DEBUG_INFORMATION_FORMAT = "dwarf-with-dsym";
				ENABLE_NS_ASSERTIONS = NO;
				ENABLE_STRICT_OBJC_MSGSEND = YES;
				ENABLE_USER_SCRIPT_SANDBOXING = YES;
				GCC_C_LANGUAGE_STANDARD = gnu17;
				GCC_NO_COMMON_BLOCKS = YES;
				GCC_WARN_64_TO_32_BIT_CONVERSION = YES;
				GCC_WARN_ABOUT_RETURN_TYPE = YES_ERROR;
				GCC_WARN_UNDECLARED_SELECTOR = YES;
				GCC_WARN_UNINITIALIZED_AUTOS = YES_AGGRESSIVE;
				GCC_WARN_UNUSED_FUNCTION = YES;
				GCC_WARN_UNUSED_VARIABLE = YES;
				IPHONEOS_DEPLOYMENT_TARGET = 15.0;
				LOCALIZATION_PREFERS_STRING_CATALOGS = YES;
				MTL_ENABLE_DEBUG_INFO = NO;
				MTL_FAST_MATH = YES;
				SDKROOT = iphoneos;
				SWIFT_COMPILATION_MODE = wholemodule;
				VALIDATE_PRODUCT = YES;
				VERSIONING_SYSTEM = "apple-generic";
				VERSION_INFO_PREFIX = "";
			};
			name = Release;
		};
		1C248C712C81D0090015A7F1 /* Debug */ = {
			isa = XCBuildConfiguration;
			buildSettings = {
				CLANG_ENABLE_MODULES = YES;
				CODE_SIGN_STYLE = Automatic;
				CURRENT_PROJECT_VERSION = 1;
				DEFINES_MODULE = YES;
				DEVELOPMENT_TEAM = R33X9HN7ET;
				DYLIB_COMPATIBILITY_VERSION = 1;
				DYLIB_CURRENT_VERSION = 1;
				DYLIB_INSTALL_NAME_BASE = "@rpath";
				ENABLE_MODULE_VERIFIER = YES;
				GENERATE_INFOPLIST_FILE = YES;
				INFOPLIST_KEY_NSHumanReadableCopyright = "";
				INSTALL_PATH = "$(LOCAL_LIBRARY_DIR)/Frameworks";
				LD_RUNPATH_SEARCH_PATHS = (
					"$(inherited)",
					"@executable_path/Frameworks",
					"@loader_path/Frameworks",
				);
				MARKETING_VERSION = 1.0;
				MODULE_VERIFIER_SUPPORTED_LANGUAGES = "objective-c objective-c++";
				MODULE_VERIFIER_SUPPORTED_LANGUAGE_STANDARDS = "gnu17 gnu++20";
				PRODUCT_BUNDLE_IDENTIFIER = com.likeabossapp.WebAPI;
				PRODUCT_NAME = "$(TARGET_NAME:c99extidentifier)";
				SKIP_INSTALL = YES;
				SWIFT_EMIT_LOC_STRINGS = YES;
				SWIFT_INSTALL_OBJC_HEADER = NO;
				SWIFT_OPTIMIZATION_LEVEL = "-Onone";
				SWIFT_VERSION = 5.0;
				TARGETED_DEVICE_FAMILY = "1,2";
			};
			name = Debug;
		};
		1C248C722C81D0090015A7F1 /* Release */ = {
			isa = XCBuildConfiguration;
			buildSettings = {
				CLANG_ENABLE_MODULES = YES;
				CODE_SIGN_STYLE = Automatic;
				CURRENT_PROJECT_VERSION = 1;
				DEFINES_MODULE = YES;
				DEVELOPMENT_TEAM = R33X9HN7ET;
				DYLIB_COMPATIBILITY_VERSION = 1;
				DYLIB_CURRENT_VERSION = 1;
				DYLIB_INSTALL_NAME_BASE = "@rpath";
				ENABLE_MODULE_VERIFIER = YES;
				GENERATE_INFOPLIST_FILE = YES;
				INFOPLIST_KEY_NSHumanReadableCopyright = "";
				INSTALL_PATH = "$(LOCAL_LIBRARY_DIR)/Frameworks";
				LD_RUNPATH_SEARCH_PATHS = (
					"$(inherited)",
					"@executable_path/Frameworks",
					"@loader_path/Frameworks",
				);
				MARKETING_VERSION = 1.0;
				MODULE_VERIFIER_SUPPORTED_LANGUAGES = "objective-c objective-c++";
				MODULE_VERIFIER_SUPPORTED_LANGUAGE_STANDARDS = "gnu17 gnu++20";
				PRODUCT_BUNDLE_IDENTIFIER = com.likeabossapp.WebAPI;
				PRODUCT_NAME = "$(TARGET_NAME:c99extidentifier)";
				SKIP_INSTALL = YES;
				SWIFT_EMIT_LOC_STRINGS = YES;
				SWIFT_INSTALL_OBJC_HEADER = NO;
				SWIFT_VERSION = 5.0;
				TARGETED_DEVICE_FAMILY = "1,2";
			};
			name = Release;
		};
		1C248C742C81D0090015A7F1 /* Debug */ = {
			isa = XCBuildConfiguration;
			buildSettings = {
				CODE_SIGN_STYLE = Automatic;
				CURRENT_PROJECT_VERSION = 1;
				DEVELOPMENT_TEAM = R33X9HN7ET;
				GENERATE_INFOPLIST_FILE = YES;
				MARKETING_VERSION = 1.0;
				PRODUCT_BUNDLE_IDENTIFIER = com.likeabossapp.WebAPITests;
				PRODUCT_NAME = "$(TARGET_NAME)";
				SWIFT_EMIT_LOC_STRINGS = NO;
				SWIFT_VERSION = 5.0;
				TARGETED_DEVICE_FAMILY = "1,2";
			};
			name = Debug;
		};
		1C248C752C81D0090015A7F1 /* Release */ = {
			isa = XCBuildConfiguration;
			buildSettings = {
				CODE_SIGN_STYLE = Automatic;
				CURRENT_PROJECT_VERSION = 1;
				DEVELOPMENT_TEAM = R33X9HN7ET;
				GENERATE_INFOPLIST_FILE = YES;
				MARKETING_VERSION = 1.0;
				PRODUCT_BUNDLE_IDENTIFIER = com.likeabossapp.WebAPITests;
				PRODUCT_NAME = "$(TARGET_NAME)";
				SWIFT_EMIT_LOC_STRINGS = NO;
				SWIFT_VERSION = 5.0;
				TARGETED_DEVICE_FAMILY = "1,2";
			};
			name = Release;
		};
/* End XCBuildConfiguration section */

/* Begin XCConfigurationList section */
		1C248C582C81D0090015A7F1 /* Build configuration list for PBXProject "WebAPI" */ = {
			isa = XCConfigurationList;
			buildConfigurations = (
				1C248C6E2C81D0090015A7F1 /* Debug */,
				1C248C6F2C81D0090015A7F1 /* Release */,
			);
			defaultConfigurationIsVisible = 0;
			defaultConfigurationName = Release;
		};
		1C248C702C81D0090015A7F1 /* Build configuration list for PBXNativeTarget "WebAPI" */ = {
			isa = XCConfigurationList;
			buildConfigurations = (
				1C248C712C81D0090015A7F1 /* Debug */,
				1C248C722C81D0090015A7F1 /* Release */,
			);
			defaultConfigurationIsVisible = 0;
			defaultConfigurationName = Release;
		};
		1C248C732C81D0090015A7F1 /* Build configuration list for PBXNativeTarget "WebAPITests" */ = {
			isa = XCConfigurationList;
			buildConfigurations = (
				1C248C742C81D0090015A7F1 /* Debug */,
				1C248C752C81D0090015A7F1 /* Release */,
			);
			defaultConfigurationIsVisible = 0;
			defaultConfigurationName = Release;
		};
/* End XCConfigurationList section */

/* Begin XCRemoteSwiftPackageReference section */
		1C223B672C870FA400032854 /* XCRemoteSwiftPackageReference "RxSwift" */ = {
			isa = XCRemoteSwiftPackageReference;
			repositoryURL = "https://github.com/ReactiveX/RxSwift";
			requirement = {
				kind = upToNextMajorVersion;
				minimumVersion = 6.7.1;
			};
		};
		1CD9F5182C83174F009DDABD /* XCRemoteSwiftPackageReference "Moya" */ = {
			isa = XCRemoteSwiftPackageReference;
			repositoryURL = "https://github.com/Moya/Moya";
			requirement = {
				kind = upToNextMajorVersion;
				minimumVersion = 15.0.3;
			};
		};
/* End XCRemoteSwiftPackageReference section */

/* Begin XCSwiftPackageProductDependency section */
		1C223B682C870FA400032854 /* RxBlocking */ = {
			isa = XCSwiftPackageProductDependency;
			package = 1C223B672C870FA400032854 /* XCRemoteSwiftPackageReference "RxSwift" */;
			productName = RxBlocking;
		};
		1CD9F5262C85BFC0009DDABD /* RxMoya */ = {
			isa = XCSwiftPackageProductDependency;
			package = 1CD9F5182C83174F009DDABD /* XCRemoteSwiftPackageReference "Moya" */;
			productName = RxMoya;
		};
/* End XCSwiftPackageProductDependency section */
	};
	rootObject = 1C248C552C81D0090015A7F1 /* Project object */;
}
