// !$*UTF8*$!
{
	archiveVersion = 1;
	classes = {
	};
	objectVersion = 56;
	objects = {

/* Begin PBXBuildFile section */
		1C01D3EA2C8ED28C007E93A9 /* GridCollectionViewCell.swift in Sources */ = {isa = PBXBuildFile; fileRef = 1C01D3E92C8ED28C007E93A9 /* GridCollectionViewCell.swift */; };
		1C01D3ED2C8ED355007E93A9 /* UICollectionViewExtension.swift in Sources */ = {isa = PBXBuildFile; fileRef = 1C01D3EC2C8ED355007E93A9 /* UICollectionViewExtension.swift */; };
		1C01D3EF2C8ED3A1007E93A9 /* UITableViewExtension.swift in Sources */ = {isa = PBXBuildFile; fileRef = 1C01D3EE2C8ED3A1007E93A9 /* UITableViewExtension.swift */; };
		1C01D3F12C8EDBAE007E93A9 /* GridCollectionViewCellViewModel.swift in Sources */ = {isa = PBXBuildFile; fileRef = 1C01D3F02C8EDBAE007E93A9 /* GridCollectionViewCellViewModel.swift */; };
		1C01D3FA2C8EE785007E93A9 /* GridCollectionView.swift in Sources */ = {isa = PBXBuildFile; fileRef = 1C01D3F92C8EE785007E93A9 /* GridCollectionView.swift */; };
		1C01D3FD2C8EEB0A007E93A9 /* GridCollectionViewModel.swift in Sources */ = {isa = PBXBuildFile; fileRef = 1C01D3FC2C8EEB0A007E93A9 /* GridCollectionViewModel.swift */; };
		1C01D3FF2C8EF906007E93A9 /* GridData.swift in Sources */ = {isa = PBXBuildFile; fileRef = 1C01D3FE2C8EF906007E93A9 /* GridData.swift */; };
		1C01D40C2C902D0B007E93A9 /* RandomMemeViewController.swift in Sources */ = {isa = PBXBuildFile; fileRef = 1C01D40B2C902D0B007E93A9 /* RandomMemeViewController.swift */; };
		1C01D40F2C902D1A007E93A9 /* RandomMemeViewModel.swift in Sources */ = {isa = PBXBuildFile; fileRef = 1C01D40E2C902D19007E93A9 /* RandomMemeViewModel.swift */; };
		1C01D4112C903186007E93A9 /* RandomMemeViewModelProtocol.swift in Sources */ = {isa = PBXBuildFile; fileRef = 1C01D4102C903186007E93A9 /* RandomMemeViewModelProtocol.swift */; };
		1C01D4142C90464D007E93A9 /* RoundedRectangleButton.swift in Sources */ = {isa = PBXBuildFile; fileRef = 1C01D4132C90464D007E93A9 /* RoundedRectangleButton.swift */; };
		1C01D4182C904DE9007E93A9 /* Kingfisher in Frameworks */ = {isa = PBXBuildFile; productRef = 1C01D4172C904DE9007E93A9 /* Kingfisher */; };
		1C020EB42C92BBF90028CAE0 /* banana-cheerer.gif in Resources */ = {isa = PBXBuildFile; fileRef = 1C020EB22C92BBF90028CAE0 /* banana-cheerer.gif */; };
		1C020EB62C92C14D0028CAE0 /* VideoPlayer.swift in Sources */ = {isa = PBXBuildFile; fileRef = 1C020EB52C92C14D0028CAE0 /* VideoPlayer.swift */; };
		1C020EC72C92DAC00028CAE0 /* Localizable.xcstrings in Resources */ = {isa = PBXBuildFile; fileRef = 1C020EC62C92DAC00028CAE0 /* Localizable.xcstrings */; };
		1C020ECA2C92DB680028CAE0 /* StringExtension.swift in Sources */ = {isa = PBXBuildFile; fileRef = 1C020EC92C92DB680028CAE0 /* StringExtension.swift */; };
		1C020EF42C981F450028CAE0 /* IQKeyboardManagerSwift in Frameworks */ = {isa = PBXBuildFile; productRef = 1C020EF32C981F450028CAE0 /* IQKeyboardManagerSwift */; };
		1C020EF72C981F680028CAE0 /* Launcher.swift in Sources */ = {isa = PBXBuildFile; fileRef = 1C020EF62C981F680028CAE0 /* Launcher.swift */; };
		1C020EFA2C9821420028CAE0 /* UITextFieldExtension.swift in Sources */ = {isa = PBXBuildFile; fileRef = 1C020EF92C9821420028CAE0 /* UITextFieldExtension.swift */; };
		1C020F022C982FF30028CAE0 /* Utility.swift in Sources */ = {isa = PBXBuildFile; fileRef = 1C020F012C982FF30028CAE0 /* Utility.swift */; };
		1C2D212B2C9D533900589C6A /* BaseViewController.swift in Sources */ = {isa = PBXBuildFile; fileRef = 1C2D212A2C9D533900589C6A /* BaseViewController.swift */; };
		1C2D212F2C9D61DE00589C6A /* SFSafeSymbols in Frameworks */ = {isa = PBXBuildFile; productRef = 1C2D212E2C9D61DE00589C6A /* SFSafeSymbols */; };
		1C2D21332C9FE38600589C6A /* GridCollectionViewCellViewModelProtocol.swift in Sources */ = {isa = PBXBuildFile; fileRef = 1C2D21322C9FE38600589C6A /* GridCollectionViewCellViewModelProtocol.swift */; };
		1C2D21362C9FE4D500589C6A /* GridCollectionViewModelProtocol.swift in Sources */ = {isa = PBXBuildFile; fileRef = 1C2D21352C9FE4D500589C6A /* GridCollectionViewModelProtocol.swift */; };
		1C63E6412C9AC97C00ECCA2D /* LoadingStateProtocol.swift in Sources */ = {isa = PBXBuildFile; fileRef = 1C63E6402C9AC97C00ECCA2D /* LoadingStateProtocol.swift */; };
		1C63E6442C9ACF5200ECCA2D /* RandomJokeTests.swift in Sources */ = {isa = PBXBuildFile; fileRef = 1C63E6432C9ACF5200ECCA2D /* RandomJokeTests.swift */; };
		1C783E022C83067100E6C4BE /* WebAPI.framework in Frameworks */ = {isa = PBXBuildFile; fileRef = 1CC9DCC72C82FA3300A1EEC6 /* WebAPI.framework */; };
		1C783E032C83067100E6C4BE /* WebAPI.framework in Embed Frameworks */ = {isa = PBXBuildFile; fileRef = 1CC9DCC72C82FA3300A1EEC6 /* WebAPI.framework */; settings = {ATTRIBUTES = (CodeSignOnCopy, RemoveHeadersOnCopy, ); }; };
		1C811F0B2C8849A8005B4D5D /* NSObject+rx.swift in Sources */ = {isa = PBXBuildFile; fileRef = 1C811F0A2C8849A8005B4D5D /* NSObject+rx.swift */; };
		1C811F0D2C899ABC005B4D5D /* HomePageViewModel.swift in Sources */ = {isa = PBXBuildFile; fileRef = 1C811F0C2C899ABC005B4D5D /* HomePageViewModel.swift */; };
		1C811F1E2C8AE2BD005B4D5D /* MemeTabBarController.swift in Sources */ = {isa = PBXBuildFile; fileRef = 1C811F1D2C8AE2BD005B4D5D /* MemeTabBarController.swift */; };
		1C811F212C8AE421005B4D5D /* RswiftLibrary in Frameworks */ = {isa = PBXBuildFile; productRef = 1C811F202C8AE421005B4D5D /* RswiftLibrary */; };
		1C811F282C8AECEB005B4D5D /* HistoryViewController.swift in Sources */ = {isa = PBXBuildFile; fileRef = 1C811F272C8AECEB005B4D5D /* HistoryViewController.swift */; };
		1C811F2B2C8AECF8005B4D5D /* FavoriteViewController.swift in Sources */ = {isa = PBXBuildFile; fileRef = 1C811F2A2C8AECF8005B4D5D /* FavoriteViewController.swift */; };
		1C811F2D2C8AED01005B4D5D /* SettingViewController.swift in Sources */ = {isa = PBXBuildFile; fileRef = 1C811F2C2C8AED01005B4D5D /* SettingViewController.swift */; };
		1C87C34E2C9961FB00A63581 /* RxCocoa in Frameworks */ = {isa = PBXBuildFile; productRef = 1C87C34D2C9961FB00A63581 /* RxCocoa */; };
		1C87C3502C9961FB00A63581 /* RxRelay in Frameworks */ = {isa = PBXBuildFile; productRef = 1C87C34F2C9961FB00A63581 /* RxRelay */; };
		1C87C3622C996A5E00A63581 /* RxBlocking in Frameworks */ = {isa = PBXBuildFile; productRef = 1C87C3612C996A5E00A63581 /* RxBlocking */; };
		1CD9F5172C8316BC009DDABD /* SnapKit in Frameworks */ = {isa = PBXBuildFile; productRef = 1CD9F5162C8316BC009DDABD /* SnapKit */; };
		1CDA35342C81AB6C001FF654 /* AppDelegate.swift in Sources */ = {isa = PBXBuildFile; fileRef = 1CDA35332C81AB6C001FF654 /* AppDelegate.swift */; };
		1CDA35362C81AB6C001FF654 /* SceneDelegate.swift in Sources */ = {isa = PBXBuildFile; fileRef = 1CDA35352C81AB6C001FF654 /* SceneDelegate.swift */; };
		1CDA35382C81AB6C001FF654 /* HomePageViewController.swift in Sources */ = {isa = PBXBuildFile; fileRef = 1CDA35372C81AB6C001FF654 /* HomePageViewController.swift */; };
		1CDA353E2C81AB6C001FF654 /* Meme.xcdatamodeld in Sources */ = {isa = PBXBuildFile; fileRef = 1CDA353C2C81AB6C001FF654 /* Meme.xcdatamodeld */; };
		1CDA35402C81AB6F001FF654 /* Assets.xcassets in Resources */ = {isa = PBXBuildFile; fileRef = 1CDA353F2C81AB6F001FF654 /* Assets.xcassets */; };
		1CDA35432C81AB6F001FF654 /* Base in Resources */ = {isa = PBXBuildFile; fileRef = 1CDA35422C81AB6F001FF654 /* Base */; };
		1CDA354E2C81AB6F001FF654 /* RandomMemeTests.swift in Sources */ = {isa = PBXBuildFile; fileRef = 1CDA354D2C81AB6F001FF654 /* RandomMemeTests.swift */; };
		1CDA35582C81AB6F001FF654 /* MemeUITests.swift in Sources */ = {isa = PBXBuildFile; fileRef = 1CDA35572C81AB6F001FF654 /* MemeUITests.swift */; };
		1CDA355A2C81AB6F001FF654 /* MemeUITestsLaunchTests.swift in Sources */ = {isa = PBXBuildFile; fileRef = 1CDA35592C81AB6F001FF654 /* MemeUITestsLaunchTests.swift */; };
		1CE1383F2C9A923B00633CFC /* KeywordTextField.swift in Sources */ = {isa = PBXBuildFile; fileRef = 1CE1383E2C9A923B00633CFC /* KeywordTextField.swift */; };
		1CE138422C9A949E00633CFC /* ContentTextView.swift in Sources */ = {isa = PBXBuildFile; fileRef = 1CE138412C9A949E00633CFC /* ContentTextView.swift */; };
		1CE138482C9A9E8200633CFC /* Constant.swift in Sources */ = {isa = PBXBuildFile; fileRef = 1CE138472C9A9E8200633CFC /* Constant.swift */; };
		1CE1388C2C9AA81400633CFC /* RandomJokeViewController.swift in Sources */ = {isa = PBXBuildFile; fileRef = 1CE138882C9AA81400633CFC /* RandomJokeViewController.swift */; };
		1CE1388D2C9AA81400633CFC /* RandomJokeViewModel.swift in Sources */ = {isa = PBXBuildFile; fileRef = 1CE138892C9AA81400633CFC /* RandomJokeViewModel.swift */; };
		1CE1388E2C9AA81400633CFC /* RandomJokeViewModelProtocol.swift in Sources */ = {isa = PBXBuildFile; fileRef = 1CE1388A2C9AA81400633CFC /* RandomJokeViewModelProtocol.swift */; };
		1CE608F22C85CB4C004844B7 /* MemeData.framework in Frameworks */ = {isa = PBXBuildFile; fileRef = 1CE608F12C85CB4C004844B7 /* MemeData.framework */; };
		1CE608F32C85CB4C004844B7 /* MemeData.framework in Embed Frameworks */ = {isa = PBXBuildFile; fileRef = 1CE608F12C85CB4C004844B7 /* MemeData.framework */; settings = {ATTRIBUTES = (CodeSignOnCopy, RemoveHeadersOnCopy, ); }; };
		1CE608F72C86F422004844B7 /* GlobalErrorHandler.swift in Sources */ = {isa = PBXBuildFile; fileRef = 1CE608F62C86F422004844B7 /* GlobalErrorHandler.swift */; };
/* End PBXBuildFile section */

/* Begin PBXContainerItemProxy section */
		1CDA354A2C81AB6F001FF654 /* PBXContainerItemProxy */ = {
			isa = PBXContainerItemProxy;
			containerPortal = 1CDA35282C81AB6C001FF654 /* Project object */;
			proxyType = 1;
			remoteGlobalIDString = 1CDA352F2C81AB6C001FF654;
			remoteInfo = Meme;
		};
		1CDA35542C81AB6F001FF654 /* PBXContainerItemProxy */ = {
			isa = PBXContainerItemProxy;
			containerPortal = 1CDA35282C81AB6C001FF654 /* Project object */;
			proxyType = 1;
			remoteGlobalIDString = 1CDA352F2C81AB6C001FF654;
			remoteInfo = Meme;
		};
/* End PBXContainerItemProxy section */

/* Begin PBXCopyFilesBuildPhase section */
		1C783DFF2C83066F00E6C4BE /* Embed Frameworks */ = {
			isa = PBXCopyFilesBuildPhase;
			buildActionMask = 2147483647;
			dstPath = "";
			dstSubfolderSpec = 10;
			files = (
				1CE608F32C85CB4C004844B7 /* MemeData.framework in Embed Frameworks */,
				1C783E032C83067100E6C4BE /* WebAPI.framework in Embed Frameworks */,
			);
			name = "Embed Frameworks";
			runOnlyForDeploymentPostprocessing = 0;
		};
/* End PBXCopyFilesBuildPhase section */

/* Begin PBXFileReference section */
		1C01D3E92C8ED28C007E93A9 /* GridCollectionViewCell.swift */ = {isa = PBXFileReference; lastKnownFileType = sourcecode.swift; path = GridCollectionViewCell.swift; sourceTree = "<group>"; };
		1C01D3EC2C8ED355007E93A9 /* UICollectionViewExtension.swift */ = {isa = PBXFileReference; lastKnownFileType = sourcecode.swift; path = UICollectionViewExtension.swift; sourceTree = "<group>"; };
		1C01D3EE2C8ED3A1007E93A9 /* UITableViewExtension.swift */ = {isa = PBXFileReference; lastKnownFileType = sourcecode.swift; path = UITableViewExtension.swift; sourceTree = "<group>"; };
		1C01D3F02C8EDBAE007E93A9 /* GridCollectionViewCellViewModel.swift */ = {isa = PBXFileReference; lastKnownFileType = sourcecode.swift; path = GridCollectionViewCellViewModel.swift; sourceTree = "<group>"; };
		1C01D3F92C8EE785007E93A9 /* GridCollectionView.swift */ = {isa = PBXFileReference; lastKnownFileType = sourcecode.swift; path = GridCollectionView.swift; sourceTree = "<group>"; };
		1C01D3FC2C8EEB0A007E93A9 /* GridCollectionViewModel.swift */ = {isa = PBXFileReference; lastKnownFileType = sourcecode.swift; path = GridCollectionViewModel.swift; sourceTree = "<group>"; };
		1C01D3FE2C8EF906007E93A9 /* GridData.swift */ = {isa = PBXFileReference; lastKnownFileType = sourcecode.swift; path = GridData.swift; sourceTree = "<group>"; };
		1C01D40B2C902D0B007E93A9 /* RandomMemeViewController.swift */ = {isa = PBXFileReference; lastKnownFileType = sourcecode.swift; path = RandomMemeViewController.swift; sourceTree = "<group>"; };
		1C01D40E2C902D19007E93A9 /* RandomMemeViewModel.swift */ = {isa = PBXFileReference; lastKnownFileType = sourcecode.swift; path = RandomMemeViewModel.swift; sourceTree = "<group>"; };
		1C01D4102C903186007E93A9 /* RandomMemeViewModelProtocol.swift */ = {isa = PBXFileReference; lastKnownFileType = sourcecode.swift; path = RandomMemeViewModelProtocol.swift; sourceTree = "<group>"; };
		1C01D4132C90464D007E93A9 /* RoundedRectangleButton.swift */ = {isa = PBXFileReference; lastKnownFileType = sourcecode.swift; path = RoundedRectangleButton.swift; sourceTree = "<group>"; };
		1C020EB22C92BBF90028CAE0 /* banana-cheerer.gif */ = {isa = PBXFileReference; lastKnownFileType = image.gif; path = "banana-cheerer.gif"; sourceTree = "<group>"; };
		1C020EB52C92C14D0028CAE0 /* VideoPlayer.swift */ = {isa = PBXFileReference; lastKnownFileType = sourcecode.swift; path = VideoPlayer.swift; sourceTree = "<group>"; };
		1C020EC62C92DAC00028CAE0 /* Localizable.xcstrings */ = {isa = PBXFileReference; lastKnownFileType = text.json.xcstrings; path = Localizable.xcstrings; sourceTree = "<group>"; };
		1C020EC92C92DB680028CAE0 /* StringExtension.swift */ = {isa = PBXFileReference; lastKnownFileType = sourcecode.swift; path = StringExtension.swift; sourceTree = "<group>"; };
		1C020EF62C981F680028CAE0 /* Launcher.swift */ = {isa = PBXFileReference; lastKnownFileType = sourcecode.swift; path = Launcher.swift; sourceTree = "<group>"; };
		1C020EF92C9821420028CAE0 /* UITextFieldExtension.swift */ = {isa = PBXFileReference; lastKnownFileType = sourcecode.swift; path = UITextFieldExtension.swift; sourceTree = "<group>"; };
		1C020F012C982FF30028CAE0 /* Utility.swift */ = {isa = PBXFileReference; lastKnownFileType = sourcecode.swift; path = Utility.swift; sourceTree = "<group>"; };
		1C2D212A2C9D533900589C6A /* BaseViewController.swift */ = {isa = PBXFileReference; lastKnownFileType = sourcecode.swift; path = BaseViewController.swift; sourceTree = "<group>"; };
		1C2D21322C9FE38600589C6A /* GridCollectionViewCellViewModelProtocol.swift */ = {isa = PBXFileReference; lastKnownFileType = sourcecode.swift; path = GridCollectionViewCellViewModelProtocol.swift; sourceTree = "<group>"; };
		1C2D21352C9FE4D500589C6A /* GridCollectionViewModelProtocol.swift */ = {isa = PBXFileReference; lastKnownFileType = sourcecode.swift; path = GridCollectionViewModelProtocol.swift; sourceTree = "<group>"; };
		1C63E6402C9AC97C00ECCA2D /* LoadingStateProtocol.swift */ = {isa = PBXFileReference; lastKnownFileType = sourcecode.swift; path = LoadingStateProtocol.swift; sourceTree = "<group>"; };
		1C63E6432C9ACF5200ECCA2D /* RandomJokeTests.swift */ = {isa = PBXFileReference; lastKnownFileType = sourcecode.swift; path = RandomJokeTests.swift; sourceTree = "<group>"; };
		1C811F0A2C8849A8005B4D5D /* NSObject+rx.swift */ = {isa = PBXFileReference; lastKnownFileType = sourcecode.swift; path = "NSObject+rx.swift"; sourceTree = "<group>"; };
		1C811F0C2C899ABC005B4D5D /* HomePageViewModel.swift */ = {isa = PBXFileReference; lastKnownFileType = sourcecode.swift; path = HomePageViewModel.swift; sourceTree = "<group>"; };
		1C811F1D2C8AE2BD005B4D5D /* MemeTabBarController.swift */ = {isa = PBXFileReference; lastKnownFileType = sourcecode.swift; path = MemeTabBarController.swift; sourceTree = "<group>"; };
		1C811F272C8AECEB005B4D5D /* HistoryViewController.swift */ = {isa = PBXFileReference; lastKnownFileType = sourcecode.swift; path = HistoryViewController.swift; sourceTree = "<group>"; };
		1C811F2A2C8AECF8005B4D5D /* FavoriteViewController.swift */ = {isa = PBXFileReference; lastKnownFileType = sourcecode.swift; path = FavoriteViewController.swift; sourceTree = "<group>"; };
		1C811F2C2C8AED01005B4D5D /* SettingViewController.swift */ = {isa = PBXFileReference; lastKnownFileType = sourcecode.swift; path = SettingViewController.swift; sourceTree = "<group>"; };
		1CC9DCC72C82FA3300A1EEC6 /* WebAPI.framework */ = {isa = PBXFileReference; explicitFileType = wrapper.framework; path = WebAPI.framework; sourceTree = BUILT_PRODUCTS_DIR; };
		1CC9DCCB2C82FDFA00A1EEC6 /* MemeModel.framework */ = {isa = PBXFileReference; explicitFileType = wrapper.framework; path = MemeModel.framework; sourceTree = BUILT_PRODUCTS_DIR; };
		1CDA35302C81AB6C001FF654 /* Meme.app */ = {isa = PBXFileReference; explicitFileType = wrapper.application; includeInIndex = 0; path = Meme.app; sourceTree = BUILT_PRODUCTS_DIR; };
		1CDA35332C81AB6C001FF654 /* AppDelegate.swift */ = {isa = PBXFileReference; lastKnownFileType = sourcecode.swift; path = AppDelegate.swift; sourceTree = "<group>"; };
		1CDA35352C81AB6C001FF654 /* SceneDelegate.swift */ = {isa = PBXFileReference; lastKnownFileType = sourcecode.swift; path = SceneDelegate.swift; sourceTree = "<group>"; };
		1CDA35372C81AB6C001FF654 /* HomePageViewController.swift */ = {isa = PBXFileReference; lastKnownFileType = sourcecode.swift; path = HomePageViewController.swift; sourceTree = "<group>"; };
		1CDA353D2C81AB6C001FF654 /* Meme.xcdatamodel */ = {isa = PBXFileReference; lastKnownFileType = wrapper.xcdatamodel; path = Meme.xcdatamodel; sourceTree = "<group>"; };
		1CDA353F2C81AB6F001FF654 /* Assets.xcassets */ = {isa = PBXFileReference; lastKnownFileType = folder.assetcatalog; path = Assets.xcassets; sourceTree = "<group>"; };
		1CDA35422C81AB6F001FF654 /* Base */ = {isa = PBXFileReference; lastKnownFileType = file.storyboard; name = Base; path = Base.lproj/LaunchScreen.storyboard; sourceTree = "<group>"; };
		1CDA35442C81AB6F001FF654 /* Info.plist */ = {isa = PBXFileReference; lastKnownFileType = text.plist.xml; path = Info.plist; sourceTree = "<group>"; };
		1CDA35492C81AB6F001FF654 /* MemeTests.xctest */ = {isa = PBXFileReference; explicitFileType = wrapper.cfbundle; includeInIndex = 0; path = MemeTests.xctest; sourceTree = BUILT_PRODUCTS_DIR; };
		1CDA354D2C81AB6F001FF654 /* RandomMemeTests.swift */ = {isa = PBXFileReference; lastKnownFileType = sourcecode.swift; path = RandomMemeTests.swift; sourceTree = "<group>"; };
		1CDA35532C81AB6F001FF654 /* MemeUITests.xctest */ = {isa = PBXFileReference; explicitFileType = wrapper.cfbundle; includeInIndex = 0; path = MemeUITests.xctest; sourceTree = BUILT_PRODUCTS_DIR; };
		1CDA35572C81AB6F001FF654 /* MemeUITests.swift */ = {isa = PBXFileReference; lastKnownFileType = sourcecode.swift; path = MemeUITests.swift; sourceTree = "<group>"; };
		1CDA35592C81AB6F001FF654 /* MemeUITestsLaunchTests.swift */ = {isa = PBXFileReference; lastKnownFileType = sourcecode.swift; path = MemeUITestsLaunchTests.swift; sourceTree = "<group>"; };
		1CE1383E2C9A923B00633CFC /* KeywordTextField.swift */ = {isa = PBXFileReference; lastKnownFileType = sourcecode.swift; path = KeywordTextField.swift; sourceTree = "<group>"; };
		1CE138412C9A949E00633CFC /* ContentTextView.swift */ = {isa = PBXFileReference; lastKnownFileType = sourcecode.swift; path = ContentTextView.swift; sourceTree = "<group>"; };
		1CE138472C9A9E8200633CFC /* Constant.swift */ = {isa = PBXFileReference; lastKnownFileType = sourcecode.swift; path = Constant.swift; sourceTree = "<group>"; };
		1CE138882C9AA81400633CFC /* RandomJokeViewController.swift */ = {isa = PBXFileReference; lastKnownFileType = sourcecode.swift; path = RandomJokeViewController.swift; sourceTree = "<group>"; };
		1CE138892C9AA81400633CFC /* RandomJokeViewModel.swift */ = {isa = PBXFileReference; lastKnownFileType = sourcecode.swift; path = RandomJokeViewModel.swift; sourceTree = "<group>"; };
		1CE1388A2C9AA81400633CFC /* RandomJokeViewModelProtocol.swift */ = {isa = PBXFileReference; lastKnownFileType = sourcecode.swift; path = RandomJokeViewModelProtocol.swift; sourceTree = "<group>"; };
		1CE608F12C85CB4C004844B7 /* MemeData.framework */ = {isa = PBXFileReference; explicitFileType = wrapper.framework; path = MemeData.framework; sourceTree = BUILT_PRODUCTS_DIR; };
		1CE608F62C86F422004844B7 /* GlobalErrorHandler.swift */ = {isa = PBXFileReference; lastKnownFileType = sourcecode.swift; path = GlobalErrorHandler.swift; sourceTree = "<group>"; };
/* End PBXFileReference section */

/* Begin PBXFrameworksBuildPhase section */
		1CDA352D2C81AB6C001FF654 /* Frameworks */ = {
			isa = PBXFrameworksBuildPhase;
			buildActionMask = 2147483647;
			files = (
				1C020EF42C981F450028CAE0 /* IQKeyboardManagerSwift in Frameworks */,
				1C01D4182C904DE9007E93A9 /* Kingfisher in Frameworks */,
				1CE608F22C85CB4C004844B7 /* MemeData.framework in Frameworks */,
				1C2D212F2C9D61DE00589C6A /* SFSafeSymbols in Frameworks */,
				1C811F212C8AE421005B4D5D /* RswiftLibrary in Frameworks */,
				1C87C34E2C9961FB00A63581 /* RxCocoa in Frameworks */,
				1C87C3502C9961FB00A63581 /* RxRelay in Frameworks */,
				1CD9F5172C8316BC009DDABD /* SnapKit in Frameworks */,
				1C783E022C83067100E6C4BE /* WebAPI.framework in Frameworks */,
			);
			runOnlyForDeploymentPostprocessing = 0;
		};
		1CDA35462C81AB6F001FF654 /* Frameworks */ = {
			isa = PBXFrameworksBuildPhase;
			buildActionMask = 2147483647;
			files = (
				1C87C3622C996A5E00A63581 /* RxBlocking in Frameworks */,
			);
			runOnlyForDeploymentPostprocessing = 0;
		};
		1CDA35502C81AB6F001FF654 /* Frameworks */ = {
			isa = PBXFrameworksBuildPhase;
			buildActionMask = 2147483647;
			files = (
			);
			runOnlyForDeploymentPostprocessing = 0;
		};
/* End PBXFrameworksBuildPhase section */

/* Begin PBXGroup section */
		1C01D3E72C8ED263007E93A9 /* View */ = {
			isa = PBXGroup;
			children = (
				1C01D3E82C8ED26B007E93A9 /* GridCollectionView */,
				1CE138412C9A949E00633CFC /* ContentTextView.swift */,
				1CE1383E2C9A923B00633CFC /* KeywordTextField.swift */,
				1C01D4132C90464D007E93A9 /* RoundedRectangleButton.swift */,
				1C020EB52C92C14D0028CAE0 /* VideoPlayer.swift */,
			);
			path = View;
			sourceTree = "<group>";
		};
		1C01D3E82C8ED26B007E93A9 /* GridCollectionView */ = {
			isa = PBXGroup;
			children = (
				1C01D3F82C8EE743007E93A9 /* GridCollectionViewCell */,
				1C01D3F92C8EE785007E93A9 /* GridCollectionView.swift */,
				1C01D3FC2C8EEB0A007E93A9 /* GridCollectionViewModel.swift */,
				1C2D21352C9FE4D500589C6A /* GridCollectionViewModelProtocol.swift */,
				1C01D3FE2C8EF906007E93A9 /* GridData.swift */,
			);
			path = GridCollectionView;
			sourceTree = "<group>";
		};
		1C01D3F82C8EE743007E93A9 /* GridCollectionViewCell */ = {
			isa = PBXGroup;
			children = (
				1C01D3E92C8ED28C007E93A9 /* GridCollectionViewCell.swift */,
				1C01D3F02C8EDBAE007E93A9 /* GridCollectionViewCellViewModel.swift */,
				1C2D21322C9FE38600589C6A /* GridCollectionViewCellViewModelProtocol.swift */,
			);
			path = GridCollectionViewCell;
			sourceTree = "<group>";
		};
		1C01D4022C90178F007E93A9 /* Resources */ = {
			isa = PBXGroup;
			children = (
				1C020EB32C92BBF90028CAE0 /* GIF */,
				1CDA353F2C81AB6F001FF654 /* Assets.xcassets */,
				1C020EC62C92DAC00028CAE0 /* Localizable.xcstrings */,
			);
			path = Resources;
			sourceTree = "<group>";
		};
		1C01D40A2C902CE4007E93A9 /* RandomMeme */ = {
			isa = PBXGroup;
			children = (
				1C01D40B2C902D0B007E93A9 /* RandomMemeViewController.swift */,
				1C01D40E2C902D19007E93A9 /* RandomMemeViewModel.swift */,
				1C01D4102C903186007E93A9 /* RandomMemeViewModelProtocol.swift */,
			);
			path = RandomMeme;
			sourceTree = "<group>";
		};
		1C020EB32C92BBF90028CAE0 /* GIF */ = {
			isa = PBXGroup;
			children = (
				1C020EB22C92BBF90028CAE0 /* banana-cheerer.gif */,
			);
			path = GIF;
			sourceTree = "<group>";
		};
		1C223B5D2C86FD7400032854 /* Global */ = {
			isa = PBXGroup;
			children = (
				1CE138472C9A9E8200633CFC /* Constant.swift */,
				1CE608F62C86F422004844B7 /* GlobalErrorHandler.swift */,
				1C63E6402C9AC97C00ECCA2D /* LoadingStateProtocol.swift */,
				1C020F012C982FF30028CAE0 /* Utility.swift */,
			);
			path = Global;
			sourceTree = "<group>";
		};
		1C248C3D2C81B2E40015A7F1 /* AppDelegate */ = {
			isa = PBXGroup;
			children = (
				1CDA35332C81AB6C001FF654 /* AppDelegate.swift */,
				1C020EF62C981F680028CAE0 /* Launcher.swift */,
				1CDA35352C81AB6C001FF654 /* SceneDelegate.swift */,
			);
			path = AppDelegate;
			sourceTree = "<group>";
		};
		1C248C3E2C81B2EC0015A7F1 /* Scenes */ = {
			isa = PBXGroup;
			children = (
				1C811F2F2C8AED10005B4D5D /* Favorite */,
				1C811F2E2C8AED08005B4D5D /* History */,
				1C811F0E2C899AC0005B4D5D /* Home */,
				1C811F302C8AED16005B4D5D /* Setting */,
				1C811F1D2C8AE2BD005B4D5D /* MemeTabBarController.swift */,
				1C2D212A2C9D533900589C6A /* BaseViewController.swift */,
			);
			path = Scenes;
			sourceTree = "<group>";
		};
		1C811F092C884996005B4D5D /* Extensions */ = {
			isa = PBXGroup;
			children = (
				1C811F0A2C8849A8005B4D5D /* NSObject+rx.swift */,
				1C020EC92C92DB680028CAE0 /* StringExtension.swift */,
				1C01D3EC2C8ED355007E93A9 /* UICollectionViewExtension.swift */,
				1C01D3EE2C8ED3A1007E93A9 /* UITableViewExtension.swift */,
				1C020EF92C9821420028CAE0 /* UITextFieldExtension.swift */,
			);
			path = Extensions;
			sourceTree = "<group>";
		};
		1C811F0E2C899AC0005B4D5D /* Home */ = {
			isa = PBXGroup;
			children = (
				1CE1388B2C9AA81400633CFC /* RandomJoke */,
				1C01D40A2C902CE4007E93A9 /* RandomMeme */,
				1CDA35372C81AB6C001FF654 /* HomePageViewController.swift */,
				1C811F0C2C899ABC005B4D5D /* HomePageViewModel.swift */,
			);
			path = Home;
			sourceTree = "<group>";
		};
		1C811F2E2C8AED08005B4D5D /* History */ = {
			isa = PBXGroup;
			children = (
				1C811F272C8AECEB005B4D5D /* HistoryViewController.swift */,
			);
			path = History;
			sourceTree = "<group>";
		};
		1C811F2F2C8AED10005B4D5D /* Favorite */ = {
			isa = PBXGroup;
			children = (
				1C811F2A2C8AECF8005B4D5D /* FavoriteViewController.swift */,
			);
			path = Favorite;
			sourceTree = "<group>";
		};
		1C811F302C8AED16005B4D5D /* Setting */ = {
			isa = PBXGroup;
			children = (
				1C811F2C2C8AED01005B4D5D /* SettingViewController.swift */,
			);
			path = Setting;
			sourceTree = "<group>";
		};
		1CDA35272C81AB6C001FF654 = {
			isa = PBXGroup;
			children = (
				8477AEB0E5C9C8C4395126A3 /* Frameworks */,
				1CDA35322C81AB6C001FF654 /* Meme */,
				1CDA354C2C81AB6F001FF654 /* MemeTests */,
				1CDA35562C81AB6F001FF654 /* MemeUITests */,
				1CDA35312C81AB6C001FF654 /* Products */,
			);
			sourceTree = "<group>";
		};
		1CDA35312C81AB6C001FF654 /* Products */ = {
			isa = PBXGroup;
			children = (
				1CDA35302C81AB6C001FF654 /* Meme.app */,
				1CDA35492C81AB6F001FF654 /* MemeTests.xctest */,
				1CDA35532C81AB6F001FF654 /* MemeUITests.xctest */,
			);
			name = Products;
			sourceTree = "<group>";
		};
		1CDA35322C81AB6C001FF654 /* Meme */ = {
			isa = PBXGroup;
			children = (
				1C248C3D2C81B2E40015A7F1 /* AppDelegate */,
				1C811F092C884996005B4D5D /* Extensions */,
				1C223B5D2C86FD7400032854 /* Global */,
				1C01D4022C90178F007E93A9 /* Resources */,
				1C248C3E2C81B2EC0015A7F1 /* Scenes */,
				1C01D3E72C8ED263007E93A9 /* View */,
				1CDA35442C81AB6F001FF654 /* Info.plist */,
				1CDA35412C81AB6F001FF654 /* LaunchScreen.storyboard */,
				1CDA353C2C81AB6C001FF654 /* Meme.xcdatamodeld */,
			);
			path = Meme;
			sourceTree = "<group>";
		};
		1CDA354C2C81AB6F001FF654 /* MemeTests */ = {
			isa = PBXGroup;
			children = (
				1C63E6432C9ACF5200ECCA2D /* RandomJokeTests.swift */,
				1CDA354D2C81AB6F001FF654 /* RandomMemeTests.swift */,
			);
			path = MemeTests;
			sourceTree = "<group>";
		};
		1CDA35562C81AB6F001FF654 /* MemeUITests */ = {
			isa = PBXGroup;
			children = (
				1CDA35572C81AB6F001FF654 /* MemeUITests.swift */,
				1CDA35592C81AB6F001FF654 /* MemeUITestsLaunchTests.swift */,
			);
			path = MemeUITests;
			sourceTree = "<group>";
		};
		1CE1388B2C9AA81400633CFC /* RandomJoke */ = {
			isa = PBXGroup;
			children = (
				1CE138882C9AA81400633CFC /* RandomJokeViewController.swift */,
				1CE138892C9AA81400633CFC /* RandomJokeViewModel.swift */,
				1CE1388A2C9AA81400633CFC /* RandomJokeViewModelProtocol.swift */,
			);
			path = RandomJoke;
			sourceTree = "<group>";
		};
		8477AEB0E5C9C8C4395126A3 /* Frameworks */ = {
			isa = PBXGroup;
			children = (
				1CE608F12C85CB4C004844B7 /* MemeData.framework */,
				1CC9DCCB2C82FDFA00A1EEC6 /* MemeModel.framework */,
				1CC9DCC72C82FA3300A1EEC6 /* WebAPI.framework */,
			);
			name = Frameworks;
			sourceTree = "<group>";
		};
/* End PBXGroup section */

/* Begin PBXNativeTarget section */
		1CDA352F2C81AB6C001FF654 /* Meme */ = {
			isa = PBXNativeTarget;
			buildConfigurationList = 1CDA355D2C81AB6F001FF654 /* Build configuration list for PBXNativeTarget "Meme" */;
			buildPhases = (
				1CDA352C2C81AB6C001FF654 /* Sources */,
				1CDA352D2C81AB6C001FF654 /* Frameworks */,
				1CDA352E2C81AB6C001FF654 /* Resources */,
				1C783DFF2C83066F00E6C4BE /* Embed Frameworks */,
			);
			buildRules = (
			);
			dependencies = (
				1C811F242C8AE55B005B4D5D /* PBXTargetDependency */,
			);
			name = Meme;
			packageProductDependencies = (
				1CD9F5162C8316BC009DDABD /* SnapKit */,
				1C811F202C8AE421005B4D5D /* RswiftLibrary */,
				1C01D4172C904DE9007E93A9 /* Kingfisher */,
				1C020EF32C981F450028CAE0 /* IQKeyboardManagerSwift */,
				1C87C34D2C9961FB00A63581 /* RxCocoa */,
				1C87C34F2C9961FB00A63581 /* RxRelay */,
				1C2D212E2C9D61DE00589C6A /* SFSafeSymbols */,
			);
			productName = Meme;
			productReference = 1CDA35302C81AB6C001FF654 /* Meme.app */;
			productType = "com.apple.product-type.application";
		};
		1CDA35482C81AB6F001FF654 /* MemeTests */ = {
			isa = PBXNativeTarget;
			buildConfigurationList = 1CDA35602C81AB6F001FF654 /* Build configuration list for PBXNativeTarget "MemeTests" */;
			buildPhases = (
				1CDA35452C81AB6F001FF654 /* Sources */,
				1CDA35462C81AB6F001FF654 /* Frameworks */,
				1CDA35472C81AB6F001FF654 /* Resources */,
			);
			buildRules = (
			);
			dependencies = (
				1CDA354B2C81AB6F001FF654 /* PBXTargetDependency */,
			);
			name = MemeTests;
			packageProductDependencies = (
				1C87C3612C996A5E00A63581 /* RxBlocking */,
			);
			productName = MemeTests;
			productReference = 1CDA35492C81AB6F001FF654 /* MemeTests.xctest */;
			productType = "com.apple.product-type.bundle.unit-test";
		};
		1CDA35522C81AB6F001FF654 /* MemeUITests */ = {
			isa = PBXNativeTarget;
			buildConfigurationList = 1CDA35632C81AB6F001FF654 /* Build configuration list for PBXNativeTarget "MemeUITests" */;
			buildPhases = (
				1CDA354F2C81AB6F001FF654 /* Sources */,
				1CDA35502C81AB6F001FF654 /* Frameworks */,
				1CDA35512C81AB6F001FF654 /* Resources */,
			);
			buildRules = (
			);
			dependencies = (
				1CDA35552C81AB6F001FF654 /* PBXTargetDependency */,
			);
			name = MemeUITests;
			productName = MemeUITests;
			productReference = 1CDA35532C81AB6F001FF654 /* MemeUITests.xctest */;
			productType = "com.apple.product-type.bundle.ui-testing";
		};
/* End PBXNativeTarget section */

/* Begin PBXProject section */
		1CDA35282C81AB6C001FF654 /* Project object */ = {
			isa = PBXProject;
			attributes = {
				BuildIndependentTargetsInParallel = 1;
				LastSwiftUpdateCheck = 1540;
				LastUpgradeCheck = 1600;
				TargetAttributes = {
					1CDA352F2C81AB6C001FF654 = {
						CreatedOnToolsVersion = 15.4;
					};
					1CDA35482C81AB6F001FF654 = {
						CreatedOnToolsVersion = 15.4;
						TestTargetID = 1CDA352F2C81AB6C001FF654;
					};
					1CDA35522C81AB6F001FF654 = {
						CreatedOnToolsVersion = 15.4;
						TestTargetID = 1CDA352F2C81AB6C001FF654;
					};
				};
			};
			buildConfigurationList = 1CDA352B2C81AB6C001FF654 /* Build configuration list for PBXProject "Meme" */;
			compatibilityVersion = "Xcode 14.0";
			developmentRegion = en;
			hasScannedForEncodings = 0;
			knownRegions = (
				en,
				Base,
				"zh-Hant",
			);
			mainGroup = 1CDA35272C81AB6C001FF654;
			packageReferences = (
				1CD9F5152C8316BC009DDABD /* XCRemoteSwiftPackageReference "SnapKit" */,
				1C811F1F2C8AE421005B4D5D /* XCRemoteSwiftPackageReference "R" */,
				1C01D4162C904DE9007E93A9 /* XCRemoteSwiftPackageReference "Kingfisher" */,
				1C020EF22C981F450028CAE0 /* XCRemoteSwiftPackageReference "IQKeyboardManager" */,
				1C87C34C2C9961FB00A63581 /* XCRemoteSwiftPackageReference "RxSwift" */,
				1C2D212D2C9D61DE00589C6A /* XCRemoteSwiftPackageReference "SFSafeSymbols" */,
			);
			productRefGroup = 1CDA35312C81AB6C001FF654 /* Products */;
			projectDirPath = "";
			projectRoot = "";
			targets = (
				1CDA352F2C81AB6C001FF654 /* Meme */,
				1CDA35482C81AB6F001FF654 /* MemeTests */,
				1CDA35522C81AB6F001FF654 /* MemeUITests */,
			);
		};
/* End PBXProject section */

/* Begin PBXResourcesBuildPhase section */
		1CDA352E2C81AB6C001FF654 /* Resources */ = {
			isa = PBXResourcesBuildPhase;
			buildActionMask = 2147483647;
			files = (
				1CDA35402C81AB6F001FF654 /* Assets.xcassets in Resources */,
				1C020EB42C92BBF90028CAE0 /* banana-cheerer.gif in Resources */,
				1CDA35432C81AB6F001FF654 /* Base in Resources */,
				1C020EC72C92DAC00028CAE0 /* Localizable.xcstrings in Resources */,
			);
			runOnlyForDeploymentPostprocessing = 0;
		};
		1CDA35472C81AB6F001FF654 /* Resources */ = {
			isa = PBXResourcesBuildPhase;
			buildActionMask = 2147483647;
			files = (
			);
			runOnlyForDeploymentPostprocessing = 0;
		};
		1CDA35512C81AB6F001FF654 /* Resources */ = {
			isa = PBXResourcesBuildPhase;
			buildActionMask = 2147483647;
			files = (
			);
			runOnlyForDeploymentPostprocessing = 0;
		};
/* End PBXResourcesBuildPhase section */

/* Begin PBXSourcesBuildPhase section */
		1CDA352C2C81AB6C001FF654 /* Sources */ = {
			isa = PBXSourcesBuildPhase;
			buildActionMask = 2147483647;
			files = (
				1CDA35342C81AB6C001FF654 /* AppDelegate.swift in Sources */,
				1CE138482C9A9E8200633CFC /* Constant.swift in Sources */,
				1CE138422C9A949E00633CFC /* ContentTextView.swift in Sources */,
				1C811F2B2C8AECF8005B4D5D /* FavoriteViewController.swift in Sources */,
				1CE608F72C86F422004844B7 /* GlobalErrorHandler.swift in Sources */,
				1C2D212B2C9D533900589C6A /* BaseViewController.swift in Sources */,
				1C01D3FA2C8EE785007E93A9 /* GridCollectionView.swift in Sources */,
				1C01D3EA2C8ED28C007E93A9 /* GridCollectionViewCell.swift in Sources */,
				1C01D3F12C8EDBAE007E93A9 /* GridCollectionViewCellViewModel.swift in Sources */,
				1C01D3FD2C8EEB0A007E93A9 /* GridCollectionViewModel.swift in Sources */,
				1C01D3FF2C8EF906007E93A9 /* GridData.swift in Sources */,
				1C811F282C8AECEB005B4D5D /* HistoryViewController.swift in Sources */,
				1CDA35382C81AB6C001FF654 /* HomePageViewController.swift in Sources */,
				1C811F0D2C899ABC005B4D5D /* HomePageViewModel.swift in Sources */,
				1C2D21362C9FE4D500589C6A /* GridCollectionViewModelProtocol.swift in Sources */,
				1CE1383F2C9A923B00633CFC /* KeywordTextField.swift in Sources */,
				1C2D21332C9FE38600589C6A /* GridCollectionViewCellViewModelProtocol.swift in Sources */,
				1C020EF72C981F680028CAE0 /* Launcher.swift in Sources */,
				1C63E6412C9AC97C00ECCA2D /* LoadingStateProtocol.swift in Sources */,
				1CDA353E2C81AB6C001FF654 /* Meme.xcdatamodeld in Sources */,
				1C811F1E2C8AE2BD005B4D5D /* MemeTabBarController.swift in Sources */,
				1C811F0B2C8849A8005B4D5D /* NSObject+rx.swift in Sources */,
				1CE1388C2C9AA81400633CFC /* RandomJokeViewController.swift in Sources */,
				1CE1388D2C9AA81400633CFC /* RandomJokeViewModel.swift in Sources */,
				1CE1388E2C9AA81400633CFC /* RandomJokeViewModelProtocol.swift in Sources */,
				1C01D40C2C902D0B007E93A9 /* RandomMemeViewController.swift in Sources */,
				1C01D40F2C902D1A007E93A9 /* RandomMemeViewModel.swift in Sources */,
				1C01D4112C903186007E93A9 /* RandomMemeViewModelProtocol.swift in Sources */,
				1C01D4142C90464D007E93A9 /* RoundedRectangleButton.swift in Sources */,
				1CDA35362C81AB6C001FF654 /* SceneDelegate.swift in Sources */,
				1C811F2D2C8AED01005B4D5D /* SettingViewController.swift in Sources */,
				1C020ECA2C92DB680028CAE0 /* StringExtension.swift in Sources */,
				1C01D3ED2C8ED355007E93A9 /* UICollectionViewExtension.swift in Sources */,
				1C01D3EF2C8ED3A1007E93A9 /* UITableViewExtension.swift in Sources */,
				1C020EFA2C9821420028CAE0 /* UITextFieldExtension.swift in Sources */,
				1C020F022C982FF30028CAE0 /* Utility.swift in Sources */,
				1C020EB62C92C14D0028CAE0 /* VideoPlayer.swift in Sources */,
			);
			runOnlyForDeploymentPostprocessing = 0;
		};
		1CDA35452C81AB6F001FF654 /* Sources */ = {
			isa = PBXSourcesBuildPhase;
			buildActionMask = 2147483647;
			files = (
				1C63E6442C9ACF5200ECCA2D /* RandomJokeTests.swift in Sources */,
				1CDA354E2C81AB6F001FF654 /* RandomMemeTests.swift in Sources */,
			);
			runOnlyForDeploymentPostprocessing = 0;
		};
		1CDA354F2C81AB6F001FF654 /* Sources */ = {
			isa = PBXSourcesBuildPhase;
			buildActionMask = 2147483647;
			files = (
				1CDA35582C81AB6F001FF654 /* MemeUITests.swift in Sources */,
				1CDA355A2C81AB6F001FF654 /* MemeUITestsLaunchTests.swift in Sources */,
			);
			runOnlyForDeploymentPostprocessing = 0;
		};
/* End PBXSourcesBuildPhase section */

/* Begin PBXTargetDependency section */
		1C811F242C8AE55B005B4D5D /* PBXTargetDependency */ = {
			isa = PBXTargetDependency;
			productRef = 1C811F232C8AE55B005B4D5D /* RswiftGenerateInternalResources */;
		};
		1CDA354B2C81AB6F001FF654 /* PBXTargetDependency */ = {
			isa = PBXTargetDependency;
			target = 1CDA352F2C81AB6C001FF654 /* Meme */;
			targetProxy = 1CDA354A2C81AB6F001FF654 /* PBXContainerItemProxy */;
		};
		1CDA35552C81AB6F001FF654 /* PBXTargetDependency */ = {
			isa = PBXTargetDependency;
			target = 1CDA352F2C81AB6C001FF654 /* Meme */;
			targetProxy = 1CDA35542C81AB6F001FF654 /* PBXContainerItemProxy */;
		};
/* End PBXTargetDependency section */

/* Begin PBXVariantGroup section */
		1CDA35412C81AB6F001FF654 /* LaunchScreen.storyboard */ = {
			isa = PBXVariantGroup;
			children = (
				1CDA35422C81AB6F001FF654 /* Base */,
			);
			name = LaunchScreen.storyboard;
			sourceTree = "<group>";
		};
/* End PBXVariantGroup section */

/* Begin XCBuildConfiguration section */
		1CDA355B2C81AB6F001FF654 /* Debug */ = {
			isa = XCBuildConfiguration;
			buildSettings = {
				ALWAYS_SEARCH_USER_PATHS = NO;
				ASSETCATALOG_COMPILER_GENERATE_SWIFT_ASSET_SYMBOL_EXTENSIONS = YES;
				CLANG_ANALYZER_LOCALIZABILITY_NONLOCALIZED = YES;
				CLANG_ANALYZER_NONNULL = YES;
				CLANG_ANALYZER_NUMBER_OBJECT_CONVERSION = YES_AGGRESSIVE;
				CLANG_CXX_LANGUAGE_STANDARD = "gnu++20";
				CLANG_ENABLE_MODULES = YES;
				CLANG_ENABLE_OBJC_ARC = YES;
				CLANG_ENABLE_OBJC_WEAK = YES;
				CLANG_WARN_BLOCK_CAPTURE_AUTORELEASING = YES;
				CLANG_WARN_BOOL_CONVERSION = YES;
				CLANG_WARN_COMMA = YES;
				CLANG_WARN_CONSTANT_CONVERSION = YES;
				CLANG_WARN_DEPRECATED_OBJC_IMPLEMENTATIONS = YES;
				CLANG_WARN_DIRECT_OBJC_ISA_USAGE = YES_ERROR;
				CLANG_WARN_DOCUMENTATION_COMMENTS = YES;
				CLANG_WARN_EMPTY_BODY = YES;
				CLANG_WARN_ENUM_CONVERSION = YES;
				CLANG_WARN_INFINITE_RECURSION = YES;
				CLANG_WARN_INT_CONVERSION = YES;
				CLANG_WARN_NON_LITERAL_NULL_CONVERSION = YES;
				CLANG_WARN_OBJC_IMPLICIT_RETAIN_SELF = YES;
				CLANG_WARN_OBJC_LITERAL_CONVERSION = YES;
				CLANG_WARN_OBJC_ROOT_CLASS = YES_ERROR;
				CLANG_WARN_QUOTED_INCLUDE_IN_FRAMEWORK_HEADER = YES;
				CLANG_WARN_RANGE_LOOP_ANALYSIS = YES;
				CLANG_WARN_STRICT_PROTOTYPES = YES;
				CLANG_WARN_SUSPICIOUS_MOVE = YES;
				CLANG_WARN_UNGUARDED_AVAILABILITY = YES_AGGRESSIVE;
				CLANG_WARN_UNREACHABLE_CODE = YES;
				CLANG_WARN__DUPLICATE_METHOD_MATCH = YES;
				COPY_PHASE_STRIP = NO;
				DEBUG_INFORMATION_FORMAT = dwarf;
				ENABLE_STRICT_OBJC_MSGSEND = YES;
				ENABLE_TESTABILITY = YES;
				ENABLE_USER_SCRIPT_SANDBOXING = YES;
				GCC_C_LANGUAGE_STANDARD = gnu17;
				GCC_DYNAMIC_NO_PIC = NO;
				GCC_NO_COMMON_BLOCKS = YES;
				GCC_OPTIMIZATION_LEVEL = 0;
				GCC_PREPROCESSOR_DEFINITIONS = (
					"DEBUG=1",
					"$(inherited)",
				);
				GCC_WARN_64_TO_32_BIT_CONVERSION = YES;
				GCC_WARN_ABOUT_RETURN_TYPE = YES_ERROR;
				GCC_WARN_UNDECLARED_SELECTOR = YES;
				GCC_WARN_UNINITIALIZED_AUTOS = YES_AGGRESSIVE;
				GCC_WARN_UNUSED_FUNCTION = YES;
				GCC_WARN_UNUSED_VARIABLE = YES;
				IPHONEOS_DEPLOYMENT_TARGET = 15.0;
				LOCALIZATION_PREFERS_STRING_CATALOGS = YES;
				MTL_ENABLE_DEBUG_INFO = INCLUDE_SOURCE;
				MTL_FAST_MATH = YES;
				ONLY_ACTIVE_ARCH = YES;
				SDKROOT = iphoneos;
				SWIFT_ACTIVE_COMPILATION_CONDITIONS = "DEBUG $(inherited)";
				SWIFT_OPTIMIZATION_LEVEL = "-Onone";
			};
			name = Debug;
		};
		1CDA355C2C81AB6F001FF654 /* Release */ = {
			isa = XCBuildConfiguration;
			buildSettings = {
				ALWAYS_SEARCH_USER_PATHS = NO;
				ASSETCATALOG_COMPILER_GENERATE_SWIFT_ASSET_SYMBOL_EXTENSIONS = YES;
				CLANG_ANALYZER_LOCALIZABILITY_NONLOCALIZED = YES;
				CLANG_ANALYZER_NONNULL = YES;
				CLANG_ANALYZER_NUMBER_OBJECT_CONVERSION = YES_AGGRESSIVE;
				CLANG_CXX_LANGUAGE_STANDARD = "gnu++20";
				CLANG_ENABLE_MODULES = YES;
				CLANG_ENABLE_OBJC_ARC = YES;
				CLANG_ENABLE_OBJC_WEAK = YES;
				CLANG_WARN_BLOCK_CAPTURE_AUTORELEASING = YES;
				CLANG_WARN_BOOL_CONVERSION = YES;
				CLANG_WARN_COMMA = YES;
				CLANG_WARN_CONSTANT_CONVERSION = YES;
				CLANG_WARN_DEPRECATED_OBJC_IMPLEMENTATIONS = YES;
				CLANG_WARN_DIRECT_OBJC_ISA_USAGE = YES_ERROR;
				CLANG_WARN_DOCUMENTATION_COMMENTS = YES;
				CLANG_WARN_EMPTY_BODY = YES;
				CLANG_WARN_ENUM_CONVERSION = YES;
				CLANG_WARN_INFINITE_RECURSION = YES;
				CLANG_WARN_INT_CONVERSION = YES;
				CLANG_WARN_NON_LITERAL_NULL_CONVERSION = YES;
				CLANG_WARN_OBJC_IMPLICIT_RETAIN_SELF = YES;
				CLANG_WARN_OBJC_LITERAL_CONVERSION = YES;
				CLANG_WARN_OBJC_ROOT_CLASS = YES_ERROR;
				CLANG_WARN_QUOTED_INCLUDE_IN_FRAMEWORK_HEADER = YES;
				CLANG_WARN_RANGE_LOOP_ANALYSIS = YES;
				CLANG_WARN_STRICT_PROTOTYPES = YES;
				CLANG_WARN_SUSPICIOUS_MOVE = YES;
				CLANG_WARN_UNGUARDED_AVAILABILITY = YES_AGGRESSIVE;
				CLANG_WARN_UNREACHABLE_CODE = YES;
				CLANG_WARN__DUPLICATE_METHOD_MATCH = YES;
				COPY_PHASE_STRIP = NO;
				DEBUG_INFORMATION_FORMAT = "dwarf-with-dsym";
				ENABLE_NS_ASSERTIONS = NO;
				ENABLE_STRICT_OBJC_MSGSEND = YES;
				ENABLE_USER_SCRIPT_SANDBOXING = YES;
				GCC_C_LANGUAGE_STANDARD = gnu17;
				GCC_NO_COMMON_BLOCKS = YES;
				GCC_WARN_64_TO_32_BIT_CONVERSION = YES;
				GCC_WARN_ABOUT_RETURN_TYPE = YES_ERROR;
				GCC_WARN_UNDECLARED_SELECTOR = YES;
				GCC_WARN_UNINITIALIZED_AUTOS = YES_AGGRESSIVE;
				GCC_WARN_UNUSED_FUNCTION = YES;
				GCC_WARN_UNUSED_VARIABLE = YES;
				IPHONEOS_DEPLOYMENT_TARGET = 15.0;
				LOCALIZATION_PREFERS_STRING_CATALOGS = YES;
				MTL_ENABLE_DEBUG_INFO = NO;
				MTL_FAST_MATH = YES;
				SDKROOT = iphoneos;
				SWIFT_COMPILATION_MODE = wholemodule;
				VALIDATE_PRODUCT = YES;
			};
			name = Release;
		};
		1CDA355E2C81AB6F001FF654 /* Debug */ = {
			isa = XCBuildConfiguration;
			buildSettings = {
				ASSETCATALOG_COMPILER_APPICON_NAME = AppIcon;
				ASSETCATALOG_COMPILER_GLOBAL_ACCENT_COLOR_NAME = AccentColor;
				CODE_SIGN_STYLE = Automatic;
				CURRENT_PROJECT_VERSION = 1;
				DEVELOPMENT_TEAM = R33X9HN7ET;
				GENERATE_INFOPLIST_FILE = YES;
				INFOPLIST_FILE = Meme/Info.plist;
				INFOPLIST_KEY_UIApplicationSupportsIndirectInputEvents = YES;
				INFOPLIST_KEY_UILaunchStoryboardName = LaunchScreen;
				INFOPLIST_KEY_UISupportedInterfaceOrientations = UIInterfaceOrientationPortrait;
				IPHONEOS_DEPLOYMENT_TARGET = 15.0;
				LD_RUNPATH_SEARCH_PATHS = (
					"$(inherited)",
					"@executable_path/Frameworks",
				);
				MARKETING_VERSION = 1.0;
				OTHER_SWIFT_FLAGS = "-DDEV";
				PRODUCT_BUNDLE_IDENTIFIER = com.likeabossapp.Meme;
				PRODUCT_NAME = "$(TARGET_NAME)";
				SWIFT_EMIT_LOC_STRINGS = YES;
				SWIFT_VERSION = 5.0;
				TARGETED_DEVICE_FAMILY = "1,2";
			};
			name = Debug;
		};
		1CDA355F2C81AB6F001FF654 /* Release */ = {
			isa = XCBuildConfiguration;
			buildSettings = {
				ASSETCATALOG_COMPILER_APPICON_NAME = AppIcon;
				ASSETCATALOG_COMPILER_GLOBAL_ACCENT_COLOR_NAME = AccentColor;
				CODE_SIGN_STYLE = Automatic;
				CURRENT_PROJECT_VERSION = 1;
				DEVELOPMENT_TEAM = R33X9HN7ET;
				GENERATE_INFOPLIST_FILE = YES;
				INFOPLIST_FILE = Meme/Info.plist;
				INFOPLIST_KEY_UIApplicationSupportsIndirectInputEvents = YES;
				INFOPLIST_KEY_UILaunchStoryboardName = LaunchScreen;
				INFOPLIST_KEY_UISupportedInterfaceOrientations = UIInterfaceOrientationPortrait;
				IPHONEOS_DEPLOYMENT_TARGET = 15.0;
				LD_RUNPATH_SEARCH_PATHS = (
					"$(inherited)",
					"@executable_path/Frameworks",
				);
				MARKETING_VERSION = 1.0;
				PRODUCT_BUNDLE_IDENTIFIER = com.likeabossapp.Meme;
				PRODUCT_NAME = "$(TARGET_NAME)";
				SWIFT_EMIT_LOC_STRINGS = YES;
				SWIFT_VERSION = 5.0;
				TARGETED_DEVICE_FAMILY = "1,2";
			};
			name = Release;
		};
		1CDA35612C81AB6F001FF654 /* Debug */ = {
			isa = XCBuildConfiguration;
			buildSettings = {
				BUNDLE_LOADER = "$(TEST_HOST)";
				CODE_SIGN_STYLE = Automatic;
				CURRENT_PROJECT_VERSION = 1;
				DEVELOPMENT_TEAM = R33X9HN7ET;
				GENERATE_INFOPLIST_FILE = YES;
				IPHONEOS_DEPLOYMENT_TARGET = 15.0;
				MARKETING_VERSION = 1.0;
				PRODUCT_BUNDLE_IDENTIFIER = com.likeabossapp.MemeTests;
				PRODUCT_NAME = "$(TARGET_NAME)";
				SWIFT_EMIT_LOC_STRINGS = NO;
				SWIFT_VERSION = 5.0;
				TARGETED_DEVICE_FAMILY = "1,2";
				TEST_HOST = "$(BUILT_PRODUCTS_DIR)/Meme.app/$(BUNDLE_EXECUTABLE_FOLDER_PATH)/Meme";
			};
			name = Debug;
		};
		1CDA35622C81AB6F001FF654 /* Release */ = {
			isa = XCBuildConfiguration;
			buildSettings = {
				BUNDLE_LOADER = "$(TEST_HOST)";
				CODE_SIGN_STYLE = Automatic;
				CURRENT_PROJECT_VERSION = 1;
				DEVELOPMENT_TEAM = R33X9HN7ET;
				GENERATE_INFOPLIST_FILE = YES;
				IPHONEOS_DEPLOYMENT_TARGET = 15.0;
				MARKETING_VERSION = 1.0;
				PRODUCT_BUNDLE_IDENTIFIER = com.likeabossapp.MemeTests;
				PRODUCT_NAME = "$(TARGET_NAME)";
				SWIFT_EMIT_LOC_STRINGS = NO;
				SWIFT_VERSION = 5.0;
				TARGETED_DEVICE_FAMILY = "1,2";
				TEST_HOST = "$(BUILT_PRODUCTS_DIR)/Meme.app/$(BUNDLE_EXECUTABLE_FOLDER_PATH)/Meme";
			};
			name = Release;
		};
		1CDA35642C81AB6F001FF654 /* Debug */ = {
			isa = XCBuildConfiguration;
			buildSettings = {
				CODE_SIGN_STYLE = Automatic;
				CURRENT_PROJECT_VERSION = 1;
				DEVELOPMENT_TEAM = R33X9HN7ET;
				GENERATE_INFOPLIST_FILE = YES;
				MARKETING_VERSION = 1.0;
				PRODUCT_BUNDLE_IDENTIFIER = com.likeabossapp.MemeUITests;
				PRODUCT_NAME = "$(TARGET_NAME)";
				SWIFT_EMIT_LOC_STRINGS = NO;
				SWIFT_VERSION = 5.0;
				TARGETED_DEVICE_FAMILY = "1,2";
				TEST_TARGET_NAME = Meme;
			};
			name = Debug;
		};
		1CDA35652C81AB6F001FF654 /* Release */ = {
			isa = XCBuildConfiguration;
			buildSettings = {
				CODE_SIGN_STYLE = Automatic;
				CURRENT_PROJECT_VERSION = 1;
				DEVELOPMENT_TEAM = R33X9HN7ET;
				GENERATE_INFOPLIST_FILE = YES;
				MARKETING_VERSION = 1.0;
				PRODUCT_BUNDLE_IDENTIFIER = com.likeabossapp.MemeUITests;
				PRODUCT_NAME = "$(TARGET_NAME)";
				SWIFT_EMIT_LOC_STRINGS = NO;
				SWIFT_VERSION = 5.0;
				TARGETED_DEVICE_FAMILY = "1,2";
				TEST_TARGET_NAME = Meme;
			};
			name = Release;
		};
/* End XCBuildConfiguration section */

/* Begin XCConfigurationList section */
		1CDA352B2C81AB6C001FF654 /* Build configuration list for PBXProject "Meme" */ = {
			isa = XCConfigurationList;
			buildConfigurations = (
				1CDA355B2C81AB6F001FF654 /* Debug */,
				1CDA355C2C81AB6F001FF654 /* Release */,
			);
			defaultConfigurationIsVisible = 0;
			defaultConfigurationName = Release;
		};
		1CDA355D2C81AB6F001FF654 /* Build configuration list for PBXNativeTarget "Meme" */ = {
			isa = XCConfigurationList;
			buildConfigurations = (
				1CDA355E2C81AB6F001FF654 /* Debug */,
				1CDA355F2C81AB6F001FF654 /* Release */,
			);
			defaultConfigurationIsVisible = 0;
			defaultConfigurationName = Release;
		};
		1CDA35602C81AB6F001FF654 /* Build configuration list for PBXNativeTarget "MemeTests" */ = {
			isa = XCConfigurationList;
			buildConfigurations = (
				1CDA35612C81AB6F001FF654 /* Debug */,
				1CDA35622C81AB6F001FF654 /* Release */,
			);
			defaultConfigurationIsVisible = 0;
			defaultConfigurationName = Release;
		};
		1CDA35632C81AB6F001FF654 /* Build configuration list for PBXNativeTarget "MemeUITests" */ = {
			isa = XCConfigurationList;
			buildConfigurations = (
				1CDA35642C81AB6F001FF654 /* Debug */,
				1CDA35652C81AB6F001FF654 /* Release */,
			);
			defaultConfigurationIsVisible = 0;
			defaultConfigurationName = Release;
		};
/* End XCConfigurationList section */

/* Begin XCRemoteSwiftPackageReference section */
		1C01D4162C904DE9007E93A9 /* XCRemoteSwiftPackageReference "Kingfisher" */ = {
			isa = XCRemoteSwiftPackageReference;
			repositoryURL = "https://github.com/onevcat/Kingfisher";
			requirement = {
				kind = upToNextMajorVersion;
				minimumVersion = 7.12.0;
			};
		};
		1C020EF22C981F450028CAE0 /* XCRemoteSwiftPackageReference "IQKeyboardManager" */ = {
			isa = XCRemoteSwiftPackageReference;
			repositoryURL = "https://github.com/hackiftekhar/IQKeyboardManager";
			requirement = {
				kind = upToNextMajorVersion;
				minimumVersion = 7.1.1;
			};
		};
		1C2D212D2C9D61DE00589C6A /* XCRemoteSwiftPackageReference "SFSafeSymbols" */ = {
			isa = XCRemoteSwiftPackageReference;
			repositoryURL = "https://github.com/SFSafeSymbols/SFSafeSymbols";
			requirement = {
				kind = upToNextMajorVersion;
				minimumVersion = 5.3.0;
			};
		};
		1C811F1F2C8AE421005B4D5D /* XCRemoteSwiftPackageReference "R" */ = {
			isa = XCRemoteSwiftPackageReference;
			repositoryURL = "https://github.com/mac-cain13/R.swift";
			requirement = {
				kind = upToNextMajorVersion;
				minimumVersion = 7.5.0;
			};
		};
		1C87C34C2C9961FB00A63581 /* XCRemoteSwiftPackageReference "RxSwift" */ = {
			isa = XCRemoteSwiftPackageReference;
			repositoryURL = "https://github.com/ReactiveX/RxSwift";
			requirement = {
				kind = upToNextMajorVersion;
				minimumVersion = 6.7.1;
			};
		};
		1CD9F5152C8316BC009DDABD /* XCRemoteSwiftPackageReference "SnapKit" */ = {
			isa = XCRemoteSwiftPackageReference;
			repositoryURL = "https://github.com/SnapKit/SnapKit";
			requirement = {
				kind = upToNextMajorVersion;
				minimumVersion = 5.7.1;
			};
		};
/* End XCRemoteSwiftPackageReference section */

/* Begin XCSwiftPackageProductDependency section */
		1C01D4172C904DE9007E93A9 /* Kingfisher */ = {
			isa = XCSwiftPackageProductDependency;
			package = 1C01D4162C904DE9007E93A9 /* XCRemoteSwiftPackageReference "Kingfisher" */;
			productName = Kingfisher;
		};
		1C020EF32C981F450028CAE0 /* IQKeyboardManagerSwift */ = {
			isa = XCSwiftPackageProductDependency;
			package = 1C020EF22C981F450028CAE0 /* XCRemoteSwiftPackageReference "IQKeyboardManager" */;
			productName = IQKeyboardManagerSwift;
		};
		1C2D212E2C9D61DE00589C6A /* SFSafeSymbols */ = {
			isa = XCSwiftPackageProductDependency;
			package = 1C2D212D2C9D61DE00589C6A /* XCRemoteSwiftPackageReference "SFSafeSymbols" */;
			productName = SFSafeSymbols;
		};
		1C811F202C8AE421005B4D5D /* RswiftLibrary */ = {
			isa = XCSwiftPackageProductDependency;
			package = 1C811F1F2C8AE421005B4D5D /* XCRemoteSwiftPackageReference "R" */;
			productName = RswiftLibrary;
		};
		1C811F232C8AE55B005B4D5D /* RswiftGenerateInternalResources */ = {
			isa = XCSwiftPackageProductDependency;
			package = 1C811F1F2C8AE421005B4D5D /* XCRemoteSwiftPackageReference "R" */;
			productName = "plugin:RswiftGenerateInternalResources";
		};
		1C87C34D2C9961FB00A63581 /* RxCocoa */ = {
			isa = XCSwiftPackageProductDependency;
			package = 1C87C34C2C9961FB00A63581 /* XCRemoteSwiftPackageReference "RxSwift" */;
			productName = RxCocoa;
		};
		1C87C34F2C9961FB00A63581 /* RxRelay */ = {
			isa = XCSwiftPackageProductDependency;
			package = 1C87C34C2C9961FB00A63581 /* XCRemoteSwiftPackageReference "RxSwift" */;
			productName = RxRelay;
		};
		1C87C3612C996A5E00A63581 /* RxBlocking */ = {
			isa = XCSwiftPackageProductDependency;
			package = 1C87C34C2C9961FB00A63581 /* XCRemoteSwiftPackageReference "RxSwift" */;
			productName = RxBlocking;
		};
		1CD9F5162C8316BC009DDABD /* SnapKit */ = {
			isa = XCSwiftPackageProductDependency;
			package = 1CD9F5152C8316BC009DDABD /* XCRemoteSwiftPackageReference "SnapKit" */;
			productName = SnapKit;
		};
/* End XCSwiftPackageProductDependency section */

/* Begin XCVersionGroup section */
		1CDA353C2C81AB6C001FF654 /* Meme.xcdatamodeld */ = {
			isa = XCVersionGroup;
			children = (
				1CDA353D2C81AB6C001FF654 /* Meme.xcdatamodel */,
			);
			currentVersion = 1CDA353D2C81AB6C001FF654 /* Meme.xcdatamodel */;
			path = Meme.xcdatamodeld;
			sourceTree = "<group>";
			versionGroupType = wrapper.xcdatamodel;
		};
/* End XCVersionGroup section */
	};
	rootObject = 1CDA35282C81AB6C001FF654 /* Project object */;
}
