// !$*UTF8*$!
{
	archiveVersion = 1;
	classes = {
	};
	objectVersion = 76;
	objects = {

/* Begin PBXBuildFile section */
		1C01D4182C904DE9007E93A9 /* Kingfisher in Frameworks */ = {isa = PBXBuildFile; productRef = 1C01D4172C904DE9007E93A9 /* Kingfisher */; };
		1C020EF42C981F450028CAE0 /* IQKeyboardManagerSwift in Frameworks */ = {isa = PBXBuildFile; productRef = 1C020EF32C981F450028CAE0 /* IQKeyboardManagerSwift */; };
		1C0D0A0F2CC0BDFC004C82F2 /* FirebaseRemoteConfig in Frameworks */ = {isa = PBXBuildFile; productRef = 1C0D0A0E2CC0BDFC004C82F2 /* FirebaseRemoteConfig */; };
		1C2D212F2C9D61DE00589C6A /* SFSafeSymbols in Frameworks */ = {isa = PBXBuildFile; productRef = 1C2D212E2C9D61DE00589C6A /* SFSafeSymbols */; };
		1C770F352CB6598700ECE617 /* HumorAPIService in Frameworks */ = {isa = PBXBuildFile; productRef = 1C770F342CB6598700ECE617 /* HumorAPIService */; };
		1C7A0D8C2CB8119A0083C436 /* ProgressHUD in Frameworks */ = {isa = PBXBuildFile; productRef = 1C7A0D8B2CB8119A0083C436 /* ProgressHUD */; };
		1C7A0DA42CBE23840083C436 /* FirebaseAnalytics in Frameworks */ = {isa = PBXBuildFile; productRef = 1C7A0DA32CBE23840083C436 /* FirebaseAnalytics */; };
		1C7A0DA92CBE280D0083C436 /* FirebasePerformance in Frameworks */ = {isa = PBXBuildFile; productRef = 1C7A0DA82CBE280D0083C436 /* FirebasePerformance */; };
		1C7A0DB02CBE451D0083C436 /* FirebaseCrashlytics in Frameworks */ = {isa = PBXBuildFile; productRef = 1C7A0DAF2CBE451D0083C436 /* FirebaseCrashlytics */; };
		1C87C34E2C9961FB00A63581 /* RxCocoa in Frameworks */ = {isa = PBXBuildFile; productRef = 1C87C34D2C9961FB00A63581 /* RxCocoa */; };
		1C87C3502C9961FB00A63581 /* RxRelay in Frameworks */ = {isa = PBXBuildFile; productRef = 1C87C34F2C9961FB00A63581 /* RxRelay */; };
		1C87C3622C996A5E00A63581 /* RxBlocking in Frameworks */ = {isa = PBXBuildFile; productRef = 1C87C3612C996A5E00A63581 /* RxBlocking */; };
		1CD9F5172C8316BC009DDABD /* SnapKit in Frameworks */ = {isa = PBXBuildFile; productRef = 1CD9F5162C8316BC009DDABD /* SnapKit */; };
		1CE0575F2CBFAD1400873753 /* GoogleMobileAds in Frameworks */ = {isa = PBXBuildFile; productRef = 1CE0575E2CBFAD1400873753 /* GoogleMobileAds */; };
		1CF584EF2CA15D7F00175C2D /* SKPhotoBrowser in Frameworks */ = {isa = PBXBuildFile; productRef = 1CF584EE2CA15D7F00175C2D /* SKPhotoBrowser */; };
/* End PBXBuildFile section */

/* Begin PBXContainerItemProxy section */
		1CDA354A2C81AB6F001FF654 /* PBXContainerItemProxy */ = {
			isa = PBXContainerItemProxy;
			containerPortal = 1CDA35282C81AB6C001FF654 /* Project object */;
			proxyType = 1;
			remoteGlobalIDString = 1CDA352F2C81AB6C001FF654;
			remoteInfo = Meme;
		};
/* End PBXContainerItemProxy section */

/* Begin PBXFileReference section */
		1CC9DCC72C82FA3300A1EEC6 /* WebAPI.framework */ = {isa = PBXFileReference; explicitFileType = wrapper.framework; path = WebAPI.framework; sourceTree = BUILT_PRODUCTS_DIR; };
		1CDA35302C81AB6C001FF654 /* Meme.app */ = {isa = PBXFileReference; explicitFileType = wrapper.application; includeInIndex = 0; path = Meme.app; sourceTree = BUILT_PRODUCTS_DIR; };
		1CDA35492C81AB6F001FF654 /* MemeTests.xctest */ = {isa = PBXFileReference; explicitFileType = wrapper.cfbundle; includeInIndex = 0; path = MemeTests.xctest; sourceTree = BUILT_PRODUCTS_DIR; };
		1CE608F12C85CB4C004844B7 /* MemeData.framework */ = {isa = PBXFileReference; explicitFileType = wrapper.framework; path = MemeData.framework; sourceTree = BUILT_PRODUCTS_DIR; };
/* End PBXFileReference section */

/* Begin PBXFileSystemSynchronizedBuildFileExceptionSet section */
		1C305E612CA2884E002EADCA /* PBXFileSystemSynchronizedBuildFileExceptionSet */ = {
			isa = PBXFileSystemSynchronizedBuildFileExceptionSet;
			membershipExceptions = (
				/Localized/Resources/LaunchScreen.storyboard,
				Resources/Info.plist,
			);
			target = 1CDA352F2C81AB6C001FF654 /* Meme */;
		};
/* End PBXFileSystemSynchronizedBuildFileExceptionSet section */

/* Begin PBXFileSystemSynchronizedGroupBuildPhaseMembershipExceptionSet section */
		1C305E622CA2884E002EADCA /* PBXFileSystemSynchronizedGroupBuildPhaseMembershipExceptionSet */ = {
			isa = PBXFileSystemSynchronizedGroupBuildPhaseMembershipExceptionSet;
			buildPhase = 1CDA352E2C81AB6C001FF654 /* Resources */;
			membershipExceptions = (
				Resources/Base.lproj/LaunchScreen.storyboard,
			);
		};
/* End PBXFileSystemSynchronizedGroupBuildPhaseMembershipExceptionSet section */

/* Begin PBXFileSystemSynchronizedRootGroup section */
		1C305E312CA2884E002EADCA /* Meme */ = {isa = PBXFileSystemSynchronizedRootGroup; exceptions = (1C305E612CA2884E002EADCA /* PBXFileSystemSynchronizedBuildFileExceptionSet */, 1C305E622CA2884E002EADCA /* PBXFileSystemSynchronizedGroupBuildPhaseMembershipExceptionSet */, ); explicitFileTypes = {}; explicitFolders = (); path = Meme; sourceTree = "<group>"; };
		1CF585AE2CA2868600175C2D /* MemeTests */ = {isa = PBXFileSystemSynchronizedRootGroup; explicitFileTypes = {}; explicitFolders = (); path = MemeTests; sourceTree = "<group>"; };
/* End PBXFileSystemSynchronizedRootGroup section */

/* Begin PBXFrameworksBuildPhase section */
		1CDA352D2C81AB6C001FF654 /* Frameworks */ = {
			isa = PBXFrameworksBuildPhase;
			buildActionMask = 2147483647;
			files = (
				1C7A0DA92CBE280D0083C436 /* FirebasePerformance in Frameworks */,
				1C020EF42C981F450028CAE0 /* IQKeyboardManagerSwift in Frameworks */,
				1C01D4182C904DE9007E93A9 /* Kingfisher in Frameworks */,
				1C0D0A0F2CC0BDFC004C82F2 /* FirebaseRemoteConfig in Frameworks */,
				1C87C34E2C9961FB00A63581 /* RxCocoa in Frameworks */,
				1C7A0D8C2CB8119A0083C436 /* ProgressHUD in Frameworks */,
				1CE0575F2CBFAD1400873753 /* GoogleMobileAds in Frameworks */,
				1CF584EF2CA15D7F00175C2D /* SKPhotoBrowser in Frameworks */,
				1C87C3502C9961FB00A63581 /* RxRelay in Frameworks */,
				1C770F352CB6598700ECE617 /* HumorAPIService in Frameworks */,
				1C2D212F2C9D61DE00589C6A /* SFSafeSymbols in Frameworks */,
				1C7A0DB02CBE451D0083C436 /* FirebaseCrashlytics in Frameworks */,
				1C7A0DA42CBE23840083C436 /* FirebaseAnalytics in Frameworks */,
				1CD9F5172C8316BC009DDABD /* SnapKit in Frameworks */,
			);
			runOnlyForDeploymentPostprocessing = 0;
		};
		1CDA35462C81AB6F001FF654 /* Frameworks */ = {
			isa = PBXFrameworksBuildPhase;
			buildActionMask = 2147483647;
			files = (
				1C87C3622C996A5E00A63581 /* RxBlocking in Frameworks */,
			);
			runOnlyForDeploymentPostprocessing = 0;
		};
/* End PBXFrameworksBuildPhase section */

/* Begin PBXGroup section */
		1CDA35272C81AB6C001FF654 = {
			isa = PBXGroup;
			children = (
				8477AEB0E5C9C8C4395126A3 /* Frameworks */,
				1C305E312CA2884E002EADCA /* Meme */,
				1CF585AE2CA2868600175C2D /* MemeTests */,
				1CDA35312C81AB6C001FF654 /* Products */,
			);
			sourceTree = "<group>";
		};
		1CDA35312C81AB6C001FF654 /* Products */ = {
			isa = PBXGroup;
			children = (
				1CDA35302C81AB6C001FF654 /* Meme.app */,
				1CDA35492C81AB6F001FF654 /* MemeTests.xctest */,
			);
			name = Products;
			sourceTree = "<group>";
		};
		8477AEB0E5C9C8C4395126A3 /* Frameworks */ = {
			isa = PBXGroup;
			children = (
				1CE608F12C85CB4C004844B7 /* MemeData.framework */,
				1CC9DCC72C82FA3300A1EEC6 /* WebAPI.framework */,
			);
			name = Frameworks;
			sourceTree = "<group>";
		};
/* End PBXGroup section */

/* Begin PBXNativeTarget section */
		1CDA352F2C81AB6C001FF654 /* Meme */ = {
			isa = PBXNativeTarget;
			buildConfigurationList = 1CDA355D2C81AB6F001FF654 /* Build configuration list for PBXNativeTarget "Meme" */;
			buildPhases = (
				1CDA352C2C81AB6C001FF654 /* Sources */,
				1CDA352D2C81AB6C001FF654 /* Frameworks */,
				1CDA352E2C81AB6C001FF654 /* Resources */,
				1C7A0DA72CBE24690083C436 /* Crashlytics */,
			);
			buildRules = (
			);
			dependencies = (
			);
			fileSystemSynchronizedGroups = (
				1C305E312CA2884E002EADCA /* Meme */,
			);
			name = Meme;
			packageProductDependencies = (
				1CD9F5162C8316BC009DDABD /* SnapKit */,
				1C01D4172C904DE9007E93A9 /* Kingfisher */,
				1C020EF32C981F450028CAE0 /* IQKeyboardManagerSwift */,
				1C87C34D2C9961FB00A63581 /* RxCocoa */,
				1C87C34F2C9961FB00A63581 /* RxRelay */,
				1C2D212E2C9D61DE00589C6A /* SFSafeSymbols */,
				1CF584EE2CA15D7F00175C2D /* SKPhotoBrowser */,
				1C770F342CB6598700ECE617 /* HumorAPIService */,
				1C7A0D8B2CB8119A0083C436 /* ProgressHUD */,
				1C7A0DA32CBE23840083C436 /* FirebaseAnalytics */,
				1C7A0DA82CBE280D0083C436 /* FirebasePerformance */,
				1C7A0DAF2CBE451D0083C436 /* FirebaseCrashlytics */,
				1CE0575E2CBFAD1400873753 /* GoogleMobileAds */,
				1C0D0A0E2CC0BDFC004C82F2 /* FirebaseRemoteConfig */,
			);
			productName = Meme;
			productReference = 1CDA35302C81AB6C001FF654 /* Meme.app */;
			productType = "com.apple.product-type.application";
		};
		1CDA35482C81AB6F001FF654 /* MemeTests */ = {
			isa = PBXNativeTarget;
			buildConfigurationList = 1CDA35602C81AB6F001FF654 /* Build configuration list for PBXNativeTarget "MemeTests" */;
			buildPhases = (
				1CDA35452C81AB6F001FF654 /* Sources */,
				1CDA35462C81AB6F001FF654 /* Frameworks */,
				1CDA35472C81AB6F001FF654 /* Resources */,
			);
			buildRules = (
			);
			dependencies = (
				1CDA354B2C81AB6F001FF654 /* PBXTargetDependency */,
			);
			fileSystemSynchronizedGroups = (
				1CF585AE2CA2868600175C2D /* MemeTests */,
			);
			name = MemeTests;
			packageProductDependencies = (
				1C87C3612C996A5E00A63581 /* RxBlocking */,
			);
			productName = MemeTests;
			productReference = 1CDA35492C81AB6F001FF654 /* MemeTests.xctest */;
			productType = "com.apple.product-type.bundle.unit-test";
		};
/* End PBXNativeTarget section */

/* Begin PBXProject section */
		1CDA35282C81AB6C001FF654 /* Project object */ = {
			isa = PBXProject;
			attributes = {
				BuildIndependentTargetsInParallel = 1;
				LastSwiftUpdateCheck = 1540;
				LastUpgradeCheck = 1600;
				TargetAttributes = {
					1CDA352F2C81AB6C001FF654 = {
						CreatedOnToolsVersion = 15.4;
					};
					1CDA35482C81AB6F001FF654 = {
						CreatedOnToolsVersion = 15.4;
						TestTargetID = 1CDA352F2C81AB6C001FF654;
					};
				};
			};
			buildConfigurationList = 1CDA352B2C81AB6C001FF654 /* Build configuration list for PBXProject "Meme" */;
			developmentRegion = en;
			hasScannedForEncodings = 0;
			knownRegions = (
				en,
				Base,
				"zh-Hant",
			);
			mainGroup = 1CDA35272C81AB6C001FF654;
			packageReferences = (
				1CD9F5152C8316BC009DDABD /* XCRemoteSwiftPackageReference "SnapKit" */,
				1C01D4162C904DE9007E93A9 /* XCRemoteSwiftPackageReference "Kingfisher" */,
				1C020EF22C981F450028CAE0 /* XCRemoteSwiftPackageReference "IQKeyboardManager" */,
				1C87C34C2C9961FB00A63581 /* XCRemoteSwiftPackageReference "RxSwift" */,
				1C2D212D2C9D61DE00589C6A /* XCRemoteSwiftPackageReference "SFSafeSymbols" */,
				1CF584ED2CA15D7E00175C2D /* XCRemoteSwiftPackageReference "SKPhotoBrowser" */,
				1C770F332CB6598700ECE617 /* XCRemoteSwiftPackageReference "HumorAPIService" */,
				1C7A0D8A2CB8119A0083C436 /* XCRemoteSwiftPackageReference "ProgressHUD" */,
				1C7A0DA22CBE23840083C436 /* XCRemoteSwiftPackageReference "firebase-ios-sdk" */,
				1CE0575D2CBFAD1400873753 /* XCRemoteSwiftPackageReference "swift-package-manager-google-mobile-ads" */,
			);
			preferredProjectObjectVersion = 56;
			productRefGroup = 1CDA35312C81AB6C001FF654 /* Products */;
			projectDirPath = "";
			projectRoot = "";
			targets = (
				1CDA352F2C81AB6C001FF654 /* Meme */,
				1CDA35482C81AB6F001FF654 /* MemeTests */,
			);
		};
/* End PBXProject section */

/* Begin PBXResourcesBuildPhase section */
		1CDA352E2C81AB6C001FF654 /* Resources */ = {
			isa = PBXResourcesBuildPhase;
			buildActionMask = 2147483647;
			files = (
			);
			runOnlyForDeploymentPostprocessing = 0;
		};
		1CDA35472C81AB6F001FF654 /* Resources */ = {
			isa = PBXResourcesBuildPhase;
			buildActionMask = 2147483647;
			files = (
			);
			runOnlyForDeploymentPostprocessing = 0;
		};
/* End PBXResourcesBuildPhase section */

/* Begin PBXShellScriptBuildPhase section */
		1C7A0DA72CBE24690083C436 /* Crashlytics */ = {
			isa = PBXShellScriptBuildPhase;
			alwaysOutOfDate = 1;
			buildActionMask = 2147483647;
			files = (
			);
			inputFileListPaths = (
			);
			inputPaths = (
				"${DWARF_DSYM_FOLDER_PATH}/${DWARF_DSYM_FILE_NAME}",
				"${DWARF_DSYM_FOLDER_PATH}/${DWARF_DSYM_FILE_NAME}/Contents/Resources/DWARF/${PRODUCT_NAME}",
				"${DWARF_DSYM_FOLDER_PATH}/${DWARF_DSYM_FILE_NAME}/Contents/Info.plist",
				"$(TARGET_BUILD_DIR)/$(UNLOCALIZED_RESOURCES_FOLDER_PATH)/GoogleService-Info.plist",
				"$(TARGET_BUILD_DIR)/$(EXECUTABLE_PATH)",
			);
			name = Crashlytics;
			outputFileListPaths = (
			);
			outputPaths = (
			);
			runOnlyForDeploymentPostprocessing = 0;
			shellPath = /bin/sh;
			shellScript = "if [ \"$CI\" != \"true\" ]; then\n  \"${BUILD_DIR%/Build/*}/SourcePackages/checkouts/firebase-ios-sdk/Crashlytics/run\"\nelse\n  echo \"Skipping Crashlytics script in CI environment\"\nfi\n";
		};
/* End PBXShellScriptBuildPhase section */

/* Begin PBXSourcesBuildPhase section */
		1CDA352C2C81AB6C001FF654 /* Sources */ = {
			isa = PBXSourcesBuildPhase;
			buildActionMask = 2147483647;
			files = (
			);
			runOnlyForDeploymentPostprocessing = 0;
		};
		1CDA35452C81AB6F001FF654 /* Sources */ = {
			isa = PBXSourcesBuildPhase;
			buildActionMask = 2147483647;
			files = (
			);
			runOnlyForDeploymentPostprocessing = 0;
		};
/* End PBXSourcesBuildPhase section */

/* Begin PBXTargetDependency section */
		1CDA354B2C81AB6F001FF654 /* PBXTargetDependency */ = {
			isa = PBXTargetDependency;
			target = 1CDA352F2C81AB6C001FF654 /* Meme */;
			targetProxy = 1CDA354A2C81AB6F001FF654 /* PBXContainerItemProxy */;
		};
/* End PBXTargetDependency section */

/* Begin XCBuildConfiguration section */
		1CCE041E2CAFF69E006F871D /* CI */ = {
			isa = XCBuildConfiguration;
			buildSettings = {
				ALWAYS_SEARCH_USER_PATHS = NO;
				ASSETCATALOG_COMPILER_GENERATE_SWIFT_ASSET_SYMBOL_EXTENSIONS = YES;
				CLANG_ANALYZER_LOCALIZABILITY_NONLOCALIZED = YES;
				CLANG_ANALYZER_NONNULL = YES;
				CLANG_ANALYZER_NUMBER_OBJECT_CONVERSION = YES_AGGRESSIVE;
				CLANG_CXX_LANGUAGE_STANDARD = "gnu++20";
				CLANG_ENABLE_MODULES = YES;
				CLANG_ENABLE_OBJC_ARC = YES;
				CLANG_ENABLE_OBJC_WEAK = YES;
				CLANG_WARN_BLOCK_CAPTURE_AUTORELEASING = YES;
				CLANG_WARN_BOOL_CONVERSION = YES;
				CLANG_WARN_COMMA = YES;
				CLANG_WARN_CONSTANT_CONVERSION = YES;
				CLANG_WARN_DEPRECATED_OBJC_IMPLEMENTATIONS = YES;
				CLANG_WARN_DIRECT_OBJC_ISA_USAGE = YES_ERROR;
				CLANG_WARN_DOCUMENTATION_COMMENTS = YES;
				CLANG_WARN_EMPTY_BODY = YES;
				CLANG_WARN_ENUM_CONVERSION = YES;
				CLANG_WARN_INFINITE_RECURSION = YES;
				CLANG_WARN_INT_CONVERSION = YES;
				CLANG_WARN_NON_LITERAL_NULL_CONVERSION = YES;
				CLANG_WARN_OBJC_IMPLICIT_RETAIN_SELF = YES;
				CLANG_WARN_OBJC_LITERAL_CONVERSION = YES;
				CLANG_WARN_OBJC_ROOT_CLASS = YES_ERROR;
				CLANG_WARN_QUOTED_INCLUDE_IN_FRAMEWORK_HEADER = YES;
				CLANG_WARN_RANGE_LOOP_ANALYSIS = YES;
				CLANG_WARN_STRICT_PROTOTYPES = YES;
				CLANG_WARN_SUSPICIOUS_MOVE = YES;
				CLANG_WARN_UNGUARDED_AVAILABILITY = YES_AGGRESSIVE;
				CLANG_WARN_UNREACHABLE_CODE = YES;
				CLANG_WARN__DUPLICATE_METHOD_MATCH = YES;
				COPY_PHASE_STRIP = NO;
				DEBUG_INFORMATION_FORMAT = "dwarf-with-dsym";
				ENABLE_STRICT_OBJC_MSGSEND = YES;
				ENABLE_TESTABILITY = YES;
				ENABLE_USER_SCRIPT_SANDBOXING = YES;
				GCC_C_LANGUAGE_STANDARD = gnu17;
				GCC_DYNAMIC_NO_PIC = NO;
				GCC_NO_COMMON_BLOCKS = YES;
				GCC_OPTIMIZATION_LEVEL = 0;
				GCC_PREPROCESSOR_DEFINITIONS = (
					"CI=1",
					"$(inherited)",
				);
				GCC_WARN_64_TO_32_BIT_CONVERSION = YES;
				GCC_WARN_ABOUT_RETURN_TYPE = YES_ERROR;
				GCC_WARN_UNDECLARED_SELECTOR = YES;
				GCC_WARN_UNINITIALIZED_AUTOS = YES_AGGRESSIVE;
				GCC_WARN_UNUSED_FUNCTION = YES;
				GCC_WARN_UNUSED_VARIABLE = YES;
				IPHONEOS_DEPLOYMENT_TARGET = 15.0;
				LOCALIZATION_PREFERS_STRING_CATALOGS = YES;
				MTL_ENABLE_DEBUG_INFO = INCLUDE_SOURCE;
				MTL_FAST_MATH = YES;
				ONLY_ACTIVE_ARCH = YES;
				SDKROOT = iphoneos;
				SWIFT_ACTIVE_COMPILATION_CONDITIONS = "CI $(inherited)";
				SWIFT_EMIT_LOC_STRINGS = YES;
				SWIFT_OPTIMIZATION_LEVEL = "-Onone";
			};
			name = CI;
		};
		1CCE041F2CAFF69E006F871D /* CI */ = {
			isa = XCBuildConfiguration;
			baseConfigurationReferenceAnchor = 1C305E312CA2884E002EADCA /* Meme */;
			baseConfigurationReferenceRelativePath = Resources/Secrects.xcconfig;
			buildSettings = {
				ASSETCATALOG_COMPILER_APPICON_NAME = AppIconCI;
				ASSETCATALOG_COMPILER_GLOBAL_ACCENT_COLOR_NAME = AccentColor;
				CODE_SIGN_STYLE = Automatic;
				CURRENT_PROJECT_VERSION = 2;
				DEVELOPMENT_TEAM = R33X9HN7ET;
				GENERATE_INFOPLIST_FILE = YES;
				INFOPLIST_FILE = Meme/Resources/Info.plist;
				INFOPLIST_KEY_CFBundleDisplayName = Memepire;
				INFOPLIST_KEY_LSApplicationCategoryType = "public.app-category.entertainment";
				INFOPLIST_KEY_NSPhotoLibraryUsageDescription = "${PHOTO_LIBRARY_USAGE_DESCRIPTION}";
				INFOPLIST_KEY_NSUserTrackingUsageDescription = "${TRACKING_USAGE_DESCRIPTION}";
				INFOPLIST_KEY_UIApplicationSupportsIndirectInputEvents = YES;
				INFOPLIST_KEY_UILaunchStoryboardName = LaunchScreen;
				INFOPLIST_KEY_UIRequiresFullScreen = YES;
				INFOPLIST_KEY_UISupportedInterfaceOrientations = "UIInterfaceOrientationPortrait UIInterfaceOrientationPortraitUpsideDown";
				IPHONEOS_DEPLOYMENT_TARGET = 15.0;
				LD_RUNPATH_SEARCH_PATHS = (
					"$(inherited)",
					"@executable_path/Frameworks",
				);
				MARKETING_VERSION = 1.0.0;
				OTHER_LDFLAGS = "-ObjC";
				PRODUCT_BUNDLE_IDENTIFIER = com.likeabossapp.Meme.ci;
				PRODUCT_NAME = "$(TARGET_NAME)";
				SWIFT_EMIT_LOC_STRINGS = YES;
				SWIFT_VERSION = 5.0;
				TARGETED_DEVICE_FAMILY = "1,2";
			};
			name = CI;
		};
		1CCE04202CAFF69E006F871D /* CI */ = {
			isa = XCBuildConfiguration;
			buildSettings = {
				BUNDLE_LOADER = "$(TEST_HOST)";
				CODE_SIGN_STYLE = Automatic;
				CURRENT_PROJECT_VERSION = 2;
				DEVELOPMENT_TEAM = R33X9HN7ET;
				GENERATE_INFOPLIST_FILE = YES;
				IPHONEOS_DEPLOYMENT_TARGET = 15.0;
				MARKETING_VERSION = 1.0;
				PRODUCT_BUNDLE_IDENTIFIER = com.likeabossapp.MemeTests;
				PRODUCT_NAME = "$(TARGET_NAME)";
				SWIFT_EMIT_LOC_STRINGS = NO;
				SWIFT_VERSION = 5.0;
				TARGETED_DEVICE_FAMILY = "1,2";
				TEST_HOST = "$(BUILT_PRODUCTS_DIR)/Meme.app/$(BUNDLE_EXECUTABLE_FOLDER_PATH)/Meme";
			};
			name = CI;
		};
		1CDA355B2C81AB6F001FF654 /* Debug */ = {
			isa = XCBuildConfiguration;
			buildSettings = {
				ALWAYS_SEARCH_USER_PATHS = NO;
				ASSETCATALOG_COMPILER_GENERATE_SWIFT_ASSET_SYMBOL_EXTENSIONS = YES;
				CLANG_ANALYZER_LOCALIZABILITY_NONLOCALIZED = YES;
				CLANG_ANALYZER_NONNULL = YES;
				CLANG_ANALYZER_NUMBER_OBJECT_CONVERSION = YES_AGGRESSIVE;
				CLANG_CXX_LANGUAGE_STANDARD = "gnu++20";
				CLANG_ENABLE_MODULES = YES;
				CLANG_ENABLE_OBJC_ARC = YES;
				CLANG_ENABLE_OBJC_WEAK = YES;
				CLANG_WARN_BLOCK_CAPTURE_AUTORELEASING = YES;
				CLANG_WARN_BOOL_CONVERSION = YES;
				CLANG_WARN_COMMA = YES;
				CLANG_WARN_CONSTANT_CONVERSION = YES;
				CLANG_WARN_DEPRECATED_OBJC_IMPLEMENTATIONS = YES;
				CLANG_WARN_DIRECT_OBJC_ISA_USAGE = YES_ERROR;
				CLANG_WARN_DOCUMENTATION_COMMENTS = YES;
				CLANG_WARN_EMPTY_BODY = YES;
				CLANG_WARN_ENUM_CONVERSION = YES;
				CLANG_WARN_INFINITE_RECURSION = YES;
				CLANG_WARN_INT_CONVERSION = YES;
				CLANG_WARN_NON_LITERAL_NULL_CONVERSION = YES;
				CLANG_WARN_OBJC_IMPLICIT_RETAIN_SELF = YES;
				CLANG_WARN_OBJC_LITERAL_CONVERSION = YES;
				CLANG_WARN_OBJC_ROOT_CLASS = YES_ERROR;
				CLANG_WARN_QUOTED_INCLUDE_IN_FRAMEWORK_HEADER = YES;
				CLANG_WARN_RANGE_LOOP_ANALYSIS = YES;
				CLANG_WARN_STRICT_PROTOTYPES = YES;
				CLANG_WARN_SUSPICIOUS_MOVE = YES;
				CLANG_WARN_UNGUARDED_AVAILABILITY = YES_AGGRESSIVE;
				CLANG_WARN_UNREACHABLE_CODE = YES;
				CLANG_WARN__DUPLICATE_METHOD_MATCH = YES;
				COPY_PHASE_STRIP = NO;
				DEBUG_INFORMATION_FORMAT = "dwarf-with-dsym";
				ENABLE_STRICT_OBJC_MSGSEND = YES;
				ENABLE_TESTABILITY = YES;
				ENABLE_USER_SCRIPT_SANDBOXING = YES;
				GCC_C_LANGUAGE_STANDARD = gnu17;
				GCC_DYNAMIC_NO_PIC = NO;
				GCC_NO_COMMON_BLOCKS = YES;
				GCC_OPTIMIZATION_LEVEL = 0;
				GCC_PREPROCESSOR_DEFINITIONS = (
					"DEBUG=1",
					"$(inherited)",
				);
				GCC_WARN_64_TO_32_BIT_CONVERSION = YES;
				GCC_WARN_ABOUT_RETURN_TYPE = YES_ERROR;
				GCC_WARN_UNDECLARED_SELECTOR = YES;
				GCC_WARN_UNINITIALIZED_AUTOS = YES_AGGRESSIVE;
				GCC_WARN_UNUSED_FUNCTION = YES;
				GCC_WARN_UNUSED_VARIABLE = YES;
				IPHONEOS_DEPLOYMENT_TARGET = 15.0;
				LOCALIZATION_PREFERS_STRING_CATALOGS = YES;
				MTL_ENABLE_DEBUG_INFO = INCLUDE_SOURCE;
				MTL_FAST_MATH = YES;
				ONLY_ACTIVE_ARCH = YES;
				SDKROOT = iphoneos;
				SWIFT_ACTIVE_COMPILATION_CONDITIONS = "DEBUG $(inherited)";
				SWIFT_EMIT_LOC_STRINGS = YES;
				SWIFT_OPTIMIZATION_LEVEL = "-Onone";
			};
			name = Debug;
		};
		1CDA355C2C81AB6F001FF654 /* Release */ = {
			isa = XCBuildConfiguration;
			buildSettings = {
				ALWAYS_SEARCH_USER_PATHS = NO;
				ASSETCATALOG_COMPILER_GENERATE_SWIFT_ASSET_SYMBOL_EXTENSIONS = YES;
				CLANG_ANALYZER_LOCALIZABILITY_NONLOCALIZED = YES;
				CLANG_ANALYZER_NONNULL = YES;
				CLANG_ANALYZER_NUMBER_OBJECT_CONVERSION = YES_AGGRESSIVE;
				CLANG_CXX_LANGUAGE_STANDARD = "gnu++20";
				CLANG_ENABLE_MODULES = YES;
				CLANG_ENABLE_OBJC_ARC = YES;
				CLANG_ENABLE_OBJC_WEAK = YES;
				CLANG_WARN_BLOCK_CAPTURE_AUTORELEASING = YES;
				CLANG_WARN_BOOL_CONVERSION = YES;
				CLANG_WARN_COMMA = YES;
				CLANG_WARN_CONSTANT_CONVERSION = YES;
				CLANG_WARN_DEPRECATED_OBJC_IMPLEMENTATIONS = YES;
				CLANG_WARN_DIRECT_OBJC_ISA_USAGE = YES_ERROR;
				CLANG_WARN_DOCUMENTATION_COMMENTS = YES;
				CLANG_WARN_EMPTY_BODY = YES;
				CLANG_WARN_ENUM_CONVERSION = YES;
				CLANG_WARN_INFINITE_RECURSION = YES;
				CLANG_WARN_INT_CONVERSION = YES;
				CLANG_WARN_NON_LITERAL_NULL_CONVERSION = YES;
				CLANG_WARN_OBJC_IMPLICIT_RETAIN_SELF = YES;
				CLANG_WARN_OBJC_LITERAL_CONVERSION = YES;
				CLANG_WARN_OBJC_ROOT_CLASS = YES_ERROR;
				CLANG_WARN_QUOTED_INCLUDE_IN_FRAMEWORK_HEADER = YES;
				CLANG_WARN_RANGE_LOOP_ANALYSIS = YES;
				CLANG_WARN_STRICT_PROTOTYPES = YES;
				CLANG_WARN_SUSPICIOUS_MOVE = YES;
				CLANG_WARN_UNGUARDED_AVAILABILITY = YES_AGGRESSIVE;
				CLANG_WARN_UNREACHABLE_CODE = YES;
				CLANG_WARN__DUPLICATE_METHOD_MATCH = YES;
				COPY_PHASE_STRIP = NO;
				DEBUG_INFORMATION_FORMAT = "dwarf-with-dsym";
				ENABLE_NS_ASSERTIONS = NO;
				ENABLE_STRICT_OBJC_MSGSEND = YES;
				ENABLE_USER_SCRIPT_SANDBOXING = YES;
				GCC_C_LANGUAGE_STANDARD = gnu17;
				GCC_NO_COMMON_BLOCKS = YES;
				GCC_PREPROCESSOR_DEFINITIONS = "RELEASE=1";
				GCC_WARN_64_TO_32_BIT_CONVERSION = YES;
				GCC_WARN_ABOUT_RETURN_TYPE = YES_ERROR;
				GCC_WARN_UNDECLARED_SELECTOR = YES;
				GCC_WARN_UNINITIALIZED_AUTOS = YES_AGGRESSIVE;
				GCC_WARN_UNUSED_FUNCTION = YES;
				GCC_WARN_UNUSED_VARIABLE = YES;
				IPHONEOS_DEPLOYMENT_TARGET = 15.0;
				LOCALIZATION_PREFERS_STRING_CATALOGS = YES;
				MTL_ENABLE_DEBUG_INFO = NO;
				MTL_FAST_MATH = YES;
				SDKROOT = iphoneos;
				SWIFT_ACTIVE_COMPILATION_CONDITIONS = RELEASE;
				SWIFT_COMPILATION_MODE = wholemodule;
				SWIFT_EMIT_LOC_STRINGS = YES;
				VALIDATE_PRODUCT = YES;
			};
			name = Release;
		};
		1CDA355E2C81AB6F001FF654 /* Debug */ = {
			isa = XCBuildConfiguration;
			baseConfigurationReferenceAnchor = 1C305E312CA2884E002EADCA /* Meme */;
			baseConfigurationReferenceRelativePath = Resources/Secrects.xcconfig;
			buildSettings = {
				ASSETCATALOG_COMPILER_APPICON_NAME = AppIconDev;
				ASSETCATALOG_COMPILER_GLOBAL_ACCENT_COLOR_NAME = AccentColor;
				CODE_SIGN_STYLE = Automatic;
				CURRENT_PROJECT_VERSION = 2;
				DEVELOPMENT_TEAM = R33X9HN7ET;
				GENERATE_INFOPLIST_FILE = YES;
				INFOPLIST_FILE = Meme/Resources/Info.plist;
				INFOPLIST_KEY_CFBundleDisplayName = Memepire;
				INFOPLIST_KEY_LSApplicationCategoryType = "public.app-category.entertainment";
				INFOPLIST_KEY_NSPhotoLibraryUsageDescription = "${PHOTO_LIBRARY_USAGE_DESCRIPTION}";
				INFOPLIST_KEY_NSUserTrackingUsageDescription = "${TRACKING_USAGE_DESCRIPTION}";
				INFOPLIST_KEY_UIApplicationSupportsIndirectInputEvents = YES;
				INFOPLIST_KEY_UILaunchStoryboardName = LaunchScreen;
				INFOPLIST_KEY_UIRequiresFullScreen = YES;
				INFOPLIST_KEY_UISupportedInterfaceOrientations = "UIInterfaceOrientationPortrait UIInterfaceOrientationPortraitUpsideDown";
				IPHONEOS_DEPLOYMENT_TARGET = 15.0;
				LD_RUNPATH_SEARCH_PATHS = (
					"$(inherited)",
					"@executable_path/Frameworks",
				);
				MARKETING_VERSION = 1.0.0;
				OTHER_LDFLAGS = "-ObjC";
				PRODUCT_BUNDLE_IDENTIFIER = com.likeabossapp.Meme.debug;
				PRODUCT_NAME = "$(TARGET_NAME)";
				SWIFT_EMIT_LOC_STRINGS = YES;
				SWIFT_VERSION = 5.0;
				TARGETED_DEVICE_FAMILY = "1,2";
			};
			name = Debug;
		};
		1CDA355F2C81AB6F001FF654 /* Release */ = {
			isa = XCBuildConfiguration;
			baseConfigurationReferenceAnchor = 1C305E312CA2884E002EADCA /* Meme */;
			baseConfigurationReferenceRelativePath = Resources/Secrects.xcconfig;
			buildSettings = {
				ASSETCATALOG_COMPILER_APPICON_NAME = AppIcon;
				ASSETCATALOG_COMPILER_GLOBAL_ACCENT_COLOR_NAME = AccentColor;
				CODE_SIGN_STYLE = Automatic;
				CURRENT_PROJECT_VERSION = 2;
				DEVELOPMENT_TEAM = R33X9HN7ET;
				GENERATE_INFOPLIST_FILE = YES;
				INFOPLIST_FILE = Meme/Resources/Info.plist;
				INFOPLIST_KEY_CFBundleDisplayName = Memepire;
				INFOPLIST_KEY_LSApplicationCategoryType = "public.app-category.entertainment";
				INFOPLIST_KEY_NSPhotoLibraryUsageDescription = "${PHOTO_LIBRARY_USAGE_DESCRIPTION}";
				INFOPLIST_KEY_NSUserTrackingUsageDescription = "${TRACKING_USAGE_DESCRIPTION}";
				INFOPLIST_KEY_UIApplicationSupportsIndirectInputEvents = YES;
				INFOPLIST_KEY_UILaunchStoryboardName = LaunchScreen;
				INFOPLIST_KEY_UIRequiresFullScreen = YES;
				INFOPLIST_KEY_UISupportedInterfaceOrientations = "UIInterfaceOrientationPortrait UIInterfaceOrientationPortraitUpsideDown";
				IPHONEOS_DEPLOYMENT_TARGET = 15.0;
				LD_RUNPATH_SEARCH_PATHS = (
					"$(inherited)",
					"@executable_path/Frameworks",
				);
				MARKETING_VERSION = 1.0.0;
				OTHER_LDFLAGS = "-ObjC";
				PRODUCT_BUNDLE_IDENTIFIER = com.likeabossapp.Meme;
				PRODUCT_NAME = "$(TARGET_NAME)";
				SWIFT_EMIT_LOC_STRINGS = YES;
				SWIFT_VERSION = 5.0;
				TARGETED_DEVICE_FAMILY = "1,2";
			};
			name = Release;
		};
		1CDA35612C81AB6F001FF654 /* Debug */ = {
			isa = XCBuildConfiguration;
			buildSettings = {
				BUNDLE_LOADER = "$(TEST_HOST)";
				CODE_SIGN_STYLE = Automatic;
				CURRENT_PROJECT_VERSION = 2;
				DEVELOPMENT_TEAM = R33X9HN7ET;
				GENERATE_INFOPLIST_FILE = YES;
				IPHONEOS_DEPLOYMENT_TARGET = 15.0;
				MARKETING_VERSION = 1.0;
				PRODUCT_BUNDLE_IDENTIFIER = com.likeabossapp.MemeTests;
				PRODUCT_NAME = "$(TARGET_NAME)";
				SWIFT_EMIT_LOC_STRINGS = NO;
				SWIFT_VERSION = 5.0;
				TARGETED_DEVICE_FAMILY = "1,2";
				TEST_HOST = "$(BUILT_PRODUCTS_DIR)/Meme.app/$(BUNDLE_EXECUTABLE_FOLDER_PATH)/Meme";
			};
			name = Debug;
		};
		1CDA35622C81AB6F001FF654 /* Release */ = {
			isa = XCBuildConfiguration;
			buildSettings = {
				BUNDLE_LOADER = "$(TEST_HOST)";
				CODE_SIGN_STYLE = Automatic;
				CURRENT_PROJECT_VERSION = 2;
				DEVELOPMENT_TEAM = R33X9HN7ET;
				GENERATE_INFOPLIST_FILE = YES;
				IPHONEOS_DEPLOYMENT_TARGET = 15.0;
				MARKETING_VERSION = 1.0;
				PRODUCT_BUNDLE_IDENTIFIER = com.likeabossapp.MemeTests;
				PRODUCT_NAME = "$(TARGET_NAME)";
				SWIFT_EMIT_LOC_STRINGS = NO;
				SWIFT_VERSION = 5.0;
				TARGETED_DEVICE_FAMILY = "1,2";
				TEST_HOST = "$(BUILT_PRODUCTS_DIR)/Meme.app/$(BUNDLE_EXECUTABLE_FOLDER_PATH)/Meme";
			};
			name = Release;
		};
/* End XCBuildConfiguration section */

/* Begin XCConfigurationList section */
		1CDA352B2C81AB6C001FF654 /* Build configuration list for PBXProject "Meme" */ = {
			isa = XCConfigurationList;
			buildConfigurations = (
				1CDA355B2C81AB6F001FF654 /* Debug */,
				1CCE041E2CAFF69E006F871D /* CI */,
				1CDA355C2C81AB6F001FF654 /* Release */,
			);
			defaultConfigurationIsVisible = 0;
			defaultConfigurationName = Release;
		};
		1CDA355D2C81AB6F001FF654 /* Build configuration list for PBXNativeTarget "Meme" */ = {
			isa = XCConfigurationList;
			buildConfigurations = (
				1CDA355E2C81AB6F001FF654 /* Debug */,
				1CCE041F2CAFF69E006F871D /* CI */,
				1CDA355F2C81AB6F001FF654 /* Release */,
			);
			defaultConfigurationIsVisible = 0;
			defaultConfigurationName = Release;
		};
		1CDA35602C81AB6F001FF654 /* Build configuration list for PBXNativeTarget "MemeTests" */ = {
			isa = XCConfigurationList;
			buildConfigurations = (
				1CDA35612C81AB6F001FF654 /* Debug */,
				1CCE04202CAFF69E006F871D /* CI */,
				1CDA35622C81AB6F001FF654 /* Release */,
			);
			defaultConfigurationIsVisible = 0;
			defaultConfigurationName = Release;
		};
/* End XCConfigurationList section */

/* Begin XCRemoteSwiftPackageReference section */
		1C01D4162C904DE9007E93A9 /* XCRemoteSwiftPackageReference "Kingfisher" */ = {
			isa = XCRemoteSwiftPackageReference;
			repositoryURL = "https://github.com/onevcat/Kingfisher";
			requirement = {
				kind = upToNextMajorVersion;
				minimumVersion = 7.12.0;
			};
		};
		1C020EF22C981F450028CAE0 /* XCRemoteSwiftPackageReference "IQKeyboardManager" */ = {
			isa = XCRemoteSwiftPackageReference;
			repositoryURL = "https://github.com/hackiftekhar/IQKeyboardManager";
			requirement = {
				kind = upToNextMajorVersion;
				minimumVersion = 7.1.1;
			};
		};
		1C2D212D2C9D61DE00589C6A /* XCRemoteSwiftPackageReference "SFSafeSymbols" */ = {
			isa = XCRemoteSwiftPackageReference;
			repositoryURL = "https://github.com/SFSafeSymbols/SFSafeSymbols";
			requirement = {
				kind = upToNextMajorVersion;
				minimumVersion = 5.3.0;
			};
		};
		1C770F332CB6598700ECE617 /* XCRemoteSwiftPackageReference "HumorAPIService" */ = {
			isa = XCRemoteSwiftPackageReference;
			repositoryURL = "https://github.com/daoseng33/HumorAPIService";
			requirement = {
				branch = main;
				kind = branch;
			};
		};
		1C7A0D8A2CB8119A0083C436 /* XCRemoteSwiftPackageReference "ProgressHUD" */ = {
			isa = XCRemoteSwiftPackageReference;
			repositoryURL = "https://github.com/relatedcode/ProgressHUD";
			requirement = {
				kind = upToNextMajorVersion;
				minimumVersion = 14.1.3;
			};
		};
		1C7A0DA22CBE23840083C436 /* XCRemoteSwiftPackageReference "firebase-ios-sdk" */ = {
			isa = XCRemoteSwiftPackageReference;
			repositoryURL = "https://github.com/firebase/firebase-ios-sdk";
			requirement = {
				kind = upToNextMajorVersion;
				minimumVersion = 11.3.0;
			};
		};
		1C87C34C2C9961FB00A63581 /* XCRemoteSwiftPackageReference "RxSwift" */ = {
			isa = XCRemoteSwiftPackageReference;
			repositoryURL = "https://github.com/ReactiveX/RxSwift";
			requirement = {
				kind = upToNextMajorVersion;
				minimumVersion = 6.7.1;
			};
		};
		1CD9F5152C8316BC009DDABD /* XCRemoteSwiftPackageReference "SnapKit" */ = {
			isa = XCRemoteSwiftPackageReference;
			repositoryURL = "https://github.com/SnapKit/SnapKit";
			requirement = {
				kind = upToNextMajorVersion;
				minimumVersion = 5.7.1;
			};
		};
		1CE0575D2CBFAD1400873753 /* XCRemoteSwiftPackageReference "swift-package-manager-google-mobile-ads" */ = {
			isa = XCRemoteSwiftPackageReference;
			repositoryURL = "https://github.com/googleads/swift-package-manager-google-mobile-ads.git";
			requirement = {
				kind = upToNextMajorVersion;
				minimumVersion = 11.10.0;
			};
		};
		1CF584ED2CA15D7E00175C2D /* XCRemoteSwiftPackageReference "SKPhotoBrowser" */ = {
			isa = XCRemoteSwiftPackageReference;
			repositoryURL = "https://github.com/suzuki-0000/SKPhotoBrowser";
			requirement = {
				kind = upToNextMajorVersion;
				minimumVersion = 7.1.0;
			};
		};
/* End XCRemoteSwiftPackageReference section */

/* Begin XCSwiftPackageProductDependency section */
		1C01D4172C904DE9007E93A9 /* Kingfisher */ = {
			isa = XCSwiftPackageProductDependency;
			package = 1C01D4162C904DE9007E93A9 /* XCRemoteSwiftPackageReference "Kingfisher" */;
			productName = Kingfisher;
		};
		1C020EF32C981F450028CAE0 /* IQKeyboardManagerSwift */ = {
			isa = XCSwiftPackageProductDependency;
			package = 1C020EF22C981F450028CAE0 /* XCRemoteSwiftPackageReference "IQKeyboardManager" */;
			productName = IQKeyboardManagerSwift;
		};
		1C0D0A0E2CC0BDFC004C82F2 /* FirebaseRemoteConfig */ = {
			isa = XCSwiftPackageProductDependency;
			package = 1C7A0DA22CBE23840083C436 /* XCRemoteSwiftPackageReference "firebase-ios-sdk" */;
			productName = FirebaseRemoteConfig;
		};
		1C2D212E2C9D61DE00589C6A /* SFSafeSymbols */ = {
			isa = XCSwiftPackageProductDependency;
			package = 1C2D212D2C9D61DE00589C6A /* XCRemoteSwiftPackageReference "SFSafeSymbols" */;
			productName = SFSafeSymbols;
		};
		1C770F342CB6598700ECE617 /* HumorAPIService */ = {
			isa = XCSwiftPackageProductDependency;
			package = 1C770F332CB6598700ECE617 /* XCRemoteSwiftPackageReference "HumorAPIService" */;
			productName = HumorAPIService;
		};
		1C7A0D8B2CB8119A0083C436 /* ProgressHUD */ = {
			isa = XCSwiftPackageProductDependency;
			package = 1C7A0D8A2CB8119A0083C436 /* XCRemoteSwiftPackageReference "ProgressHUD" */;
			productName = ProgressHUD;
		};
		1C7A0DA32CBE23840083C436 /* FirebaseAnalytics */ = {
			isa = XCSwiftPackageProductDependency;
			package = 1C7A0DA22CBE23840083C436 /* XCRemoteSwiftPackageReference "firebase-ios-sdk" */;
			productName = FirebaseAnalytics;
		};
		1C7A0DA82CBE280D0083C436 /* FirebasePerformance */ = {
			isa = XCSwiftPackageProductDependency;
			package = 1C7A0DA22CBE23840083C436 /* XCRemoteSwiftPackageReference "firebase-ios-sdk" */;
			productName = FirebasePerformance;
		};
		1C7A0DAF2CBE451D0083C436 /* FirebaseCrashlytics */ = {
			isa = XCSwiftPackageProductDependency;
			package = 1C7A0DA22CBE23840083C436 /* XCRemoteSwiftPackageReference "firebase-ios-sdk" */;
			productName = FirebaseCrashlytics;
		};
		1C87C34D2C9961FB00A63581 /* RxCocoa */ = {
			isa = XCSwiftPackageProductDependency;
			package = 1C87C34C2C9961FB00A63581 /* XCRemoteSwiftPackageReference "RxSwift" */;
			productName = RxCocoa;
		};
		1C87C34F2C9961FB00A63581 /* RxRelay */ = {
			isa = XCSwiftPackageProductDependency;
			package = 1C87C34C2C9961FB00A63581 /* XCRemoteSwiftPackageReference "RxSwift" */;
			productName = RxRelay;
		};
		1C87C3612C996A5E00A63581 /* RxBlocking */ = {
			isa = XCSwiftPackageProductDependency;
			package = 1C87C34C2C9961FB00A63581 /* XCRemoteSwiftPackageReference "RxSwift" */;
			productName = RxBlocking;
		};
		1CD9F5162C8316BC009DDABD /* SnapKit */ = {
			isa = XCSwiftPackageProductDependency;
			package = 1CD9F5152C8316BC009DDABD /* XCRemoteSwiftPackageReference "SnapKit" */;
			productName = SnapKit;
		};
		1CE0575E2CBFAD1400873753 /* GoogleMobileAds */ = {
			isa = XCSwiftPackageProductDependency;
			package = 1CE0575D2CBFAD1400873753 /* XCRemoteSwiftPackageReference "swift-package-manager-google-mobile-ads" */;
			productName = GoogleMobileAds;
		};
		1CF584EE2CA15D7F00175C2D /* SKPhotoBrowser */ = {
			isa = XCSwiftPackageProductDependency;
			package = 1CF584ED2CA15D7E00175C2D /* XCRemoteSwiftPackageReference "SKPhotoBrowser" */;
			productName = SKPhotoBrowser;
		};
/* End XCSwiftPackageProductDependency section */
	};
	rootObject = 1CDA35282C81AB6C001FF654 /* Project object */;
}
